// !$*UTF8*$!
{
	archiveVersion = 1;
	classes = {
	};
	objectVersion = 51;
	objects = {

/* Begin PBXBuildFile section */
		3410946C248393FE00124038 /* MessageByOtherTableViewCell.swift in Sources */ = {isa = PBXBuildFile; fileRef = 3410946A248393FE00124038 /* MessageByOtherTableViewCell.swift */; };
		3410946D248393FE00124038 /* MessageByOtherTableViewCell.xib in Resources */ = {isa = PBXBuildFile; fileRef = 3410946B248393FE00124038 /* MessageByOtherTableViewCell.xib */; };
		3448D4462482B0DB00608688 /* ChatViewController.xib in Resources */ = {isa = PBXBuildFile; fileRef = 3448D4442482B0DB00608688 /* ChatViewController.xib */; };
		3468EF92248D2B73002708DE /* MsgImgByOtherTableViewCell.swift in Sources */ = {isa = PBXBuildFile; fileRef = 3468EF90248D2B73002708DE /* MsgImgByOtherTableViewCell.swift */; };
		3468EF93248D2B73002708DE /* MsgImgByOtherTableViewCell.xib in Resources */ = {isa = PBXBuildFile; fileRef = 3468EF91248D2B73002708DE /* MsgImgByOtherTableViewCell.xib */; };
		3468EF96248D2C56002708DE /* MsgImgByCurrentUserTableViewCell.swift in Sources */ = {isa = PBXBuildFile; fileRef = 3468EF94248D2C56002708DE /* MsgImgByCurrentUserTableViewCell.swift */; };
		3468EF97248D2C56002708DE /* MsgImgByCurrentUserTableViewCell.xib in Resources */ = {isa = PBXBuildFile; fileRef = 3468EF95248D2C56002708DE /* MsgImgByCurrentUserTableViewCell.xib */; };
		348879702483EC17009AE8D5 /* MessageModel.swift in Sources */ = {isa = PBXBuildFile; fileRef = 3488796F2483EC17009AE8D5 /* MessageModel.swift */; };
		34DE581E2478301800B5BB2C /* UIColorExtension.swift in Sources */ = {isa = PBXBuildFile; fileRef = 34DE581D2478301800B5BB2C /* UIColorExtension.swift */; };
		34F27148247C009100B6FF62 /* UITextFieldExtension.swift in Sources */ = {isa = PBXBuildFile; fileRef = 34F27147247C009100B6FF62 /* UITextFieldExtension.swift */; };
		725505CF82090393F50EFCFD /* libPods-MyChat-MyChatUITests.a in Frameworks */ = {isa = PBXBuildFile; fileRef = C2D0224CDF5F05779723E967 /* libPods-MyChat-MyChatUITests.a */; };
		948410647E0127069176A14F /* libPods-MyChatTests.a in Frameworks */ = {isa = PBXBuildFile; fileRef = BCC3973F89F5685F1B16CE4A /* libPods-MyChatTests.a */; };
		AB048FAE2477B6A200FE0832 /* AppDelegate.swift in Sources */ = {isa = PBXBuildFile; fileRef = AB048FAD2477B6A200FE0832 /* AppDelegate.swift */; };
		AB048FB02477B6A200FE0832 /* SceneDelegate.swift in Sources */ = {isa = PBXBuildFile; fileRef = AB048FAF2477B6A200FE0832 /* SceneDelegate.swift */; };
		AB048FB52477B6A200FE0832 /* Main.storyboard in Resources */ = {isa = PBXBuildFile; fileRef = AB048FB32477B6A200FE0832 /* Main.storyboard */; };
		AB048FB72477B6A500FE0832 /* Assets.xcassets in Resources */ = {isa = PBXBuildFile; fileRef = AB048FB62477B6A500FE0832 /* Assets.xcassets */; };
		AB048FBA2477B6A500FE0832 /* LaunchScreen.storyboard in Resources */ = {isa = PBXBuildFile; fileRef = AB048FB82477B6A500FE0832 /* LaunchScreen.storyboard */; };
		AB048FC52477B6A500FE0832 /* MyChatTests.swift in Sources */ = {isa = PBXBuildFile; fileRef = AB048FC42477B6A500FE0832 /* MyChatTests.swift */; };
		AB048FD02477B6A500FE0832 /* MyChatUITests.swift in Sources */ = {isa = PBXBuildFile; fileRef = AB048FCF2477B6A500FE0832 /* MyChatUITests.swift */; };
		AB048FE42477BE4800FE0832 /* LoginViewController.swift in Sources */ = {isa = PBXBuildFile; fileRef = AB048FE32477BE4800FE0832 /* LoginViewController.swift */; };
		AB048FE72477BF4100FE0832 /* RegisterViewController.swift in Sources */ = {isa = PBXBuildFile; fileRef = AB048FE62477BF4100FE0832 /* RegisterViewController.swift */; };
		AB048FEA2477BF6F00FE0832 /* NSObjectExtension.swift in Sources */ = {isa = PBXBuildFile; fileRef = AB048FE92477BF6F00FE0832 /* NSObjectExtension.swift */; };
		AB048FEF2477C2F200FE0832 /* UIViewExtension.swift in Sources */ = {isa = PBXBuildFile; fileRef = AB048FEE2477C2F200FE0832 /* UIViewExtension.swift */; };
		AB170BE4247F6A8C00AECECC /* LoginResultsPopup.swift in Sources */ = {isa = PBXBuildFile; fileRef = AB170BE3247F6A8C00AECECC /* LoginResultsPopup.swift */; };
		AB170BE6247F6A9C00AECECC /* LoginResultsPopup.xib in Resources */ = {isa = PBXBuildFile; fileRef = AB170BE5247F6A9C00AECECC /* LoginResultsPopup.xib */; };
		AB170BE9247F6DB200AECECC /* Contains.swift in Sources */ = {isa = PBXBuildFile; fileRef = AB170BE8247F6DB200AECECC /* Contains.swift */; };
		AB170C3524801C5100AECECC /* UserModel.swift in Sources */ = {isa = PBXBuildFile; fileRef = AB170C3424801C5100AECECC /* UserModel.swift */; };
		AB170C392480B2B200AECECC /* ProfileViewController.swift in Sources */ = {isa = PBXBuildFile; fileRef = AB170C372480B2B200AECECC /* ProfileViewController.swift */; };
		AB170C3A2480B2B200AECECC /* ProfileViewController.xib in Resources */ = {isa = PBXBuildFile; fileRef = AB170C382480B2B200AECECC /* ProfileViewController.xib */; };
		AB170C3C2480BEA000AECECC /* UILabelExtension.swift in Sources */ = {isa = PBXBuildFile; fileRef = AB170C3B2480BEA000AECECC /* UILabelExtension.swift */; };
		AB260E3C24907FD000C42F68 /* ListFriendViewController.swift in Sources */ = {isa = PBXBuildFile; fileRef = AB260E3A24907FD000C42F68 /* ListFriendViewController.swift */; };
		AB260E3D24907FD000C42F68 /* ListFriendViewController.xib in Resources */ = {isa = PBXBuildFile; fileRef = AB260E3B24907FD000C42F68 /* ListFriendViewController.xib */; };
		AB388241247B93D1007823CE /* RegistrationResultsPopup.xib in Resources */ = {isa = PBXBuildFile; fileRef = AB388240247B93D1007823CE /* RegistrationResultsPopup.xib */; };
		AB388243247B93ED007823CE /* RegistrationResultsPopup.swift in Sources */ = {isa = PBXBuildFile; fileRef = AB388242247B93ED007823CE /* RegistrationResultsPopup.swift */; };
		AB47D8DC247CD40600751CB1 /* GoogleService-Info.plist in Resources */ = {isa = PBXBuildFile; fileRef = AB47D8DB247CD40600751CB1 /* GoogleService-Info.plist */; };
		AB47D8DE247CD79F00751CB1 /* Intro.storyboard in Resources */ = {isa = PBXBuildFile; fileRef = AB47D8DD247CD79F00751CB1 /* Intro.storyboard */; };
		AB47D8E0247CD7B800751CB1 /* IntroViewController.swift in Sources */ = {isa = PBXBuildFile; fileRef = AB47D8DF247CD7B800751CB1 /* IntroViewController.swift */; };
		AB47D8E5247CF0EB00751CB1 /* SplashViewController.swift in Sources */ = {isa = PBXBuildFile; fileRef = AB47D8E4247CF0EB00751CB1 /* SplashViewController.swift */; };
		AB47D8E8247CF5F900751CB1 /* UIViewControllerExtension.swift in Sources */ = {isa = PBXBuildFile; fileRef = AB47D8E7247CF5F900751CB1 /* UIViewControllerExtension.swift */; };
		AB47D8EA247CFBC300751CB1 /* RootPageViewController.swift in Sources */ = {isa = PBXBuildFile; fileRef = AB47D8E9247CFBC300751CB1 /* RootPageViewController.swift */; };
		ABD40280248A50F9008ECFF8 /* MessageByCurrentUserTableViewCell.swift in Sources */ = {isa = PBXBuildFile; fileRef = ABD4027E248A50F9008ECFF8 /* MessageByCurrentUserTableViewCell.swift */; };
		ABD40281248A50F9008ECFF8 /* MessageByCurrentUserTableViewCell.xib in Resources */ = {isa = PBXBuildFile; fileRef = ABD4027F248A50F9008ECFF8 /* MessageByCurrentUserTableViewCell.xib */; };
		ABD40287248E0705008ECFF8 /* UIButtonExtension.swift in Sources */ = {isa = PBXBuildFile; fileRef = ABD40286248E0705008ECFF8 /* UIButtonExtension.swift */; };
		ABD40289248E0951008ECFF8 /* ChatViewController.swift in Sources */ = {isa = PBXBuildFile; fileRef = ABD40288248E0951008ECFF8 /* ChatViewController.swift */; };
		ABD4028B248E1DC3008ECFF8 /* StringExtension.swift in Sources */ = {isa = PBXBuildFile; fileRef = ABD4028A248E1DC3008ECFF8 /* StringExtension.swift */; };
		ABD4028D248E35C3008ECFF8 /* LastMessageModel.swift in Sources */ = {isa = PBXBuildFile; fileRef = ABD4028C248E35C3008ECFF8 /* LastMessageModel.swift */; };
		ABD40290248E36C9008ECFF8 /* Ultities.swift in Sources */ = {isa = PBXBuildFile; fileRef = ABD4028F248E36C9008ECFF8 /* Ultities.swift */; };
		ABEF5F1B248F2B540024492C /* ProfileDetailViewController.swift in Sources */ = {isa = PBXBuildFile; fileRef = ABEF5F19248F2B530024492C /* ProfileDetailViewController.swift */; };
		ABEF5F1C248F2B540024492C /* ProfileDetailViewController.xib in Resources */ = {isa = PBXBuildFile; fileRef = ABEF5F1A248F2B530024492C /* ProfileDetailViewController.xib */; };
		ABEF5F20248F2C870024492C /* ProfileDetailTableViewCell.swift in Sources */ = {isa = PBXBuildFile; fileRef = ABEF5F1E248F2C870024492C /* ProfileDetailTableViewCell.swift */; };
		ABEF5F21248F2C870024492C /* ProfileDetailTableViewCell.xib in Resources */ = {isa = PBXBuildFile; fileRef = ABEF5F1F248F2C870024492C /* ProfileDetailTableViewCell.xib */; };
		ABF5597E247E434900D8C88A /* MainTabbar.storyboard in Resources */ = {isa = PBXBuildFile; fileRef = ABF5597D247E434900D8C88A /* MainTabbar.storyboard */; };
		ABF55980247E456900D8C88A /* MainTabbarController.swift in Sources */ = {isa = PBXBuildFile; fileRef = ABF5597F247E456900D8C88A /* MainTabbarController.swift */; };
		ABF55984247E4BEA00D8C88A /* ListChatViewController.swift in Sources */ = {isa = PBXBuildFile; fileRef = ABF55982247E4BEA00D8C88A /* ListChatViewController.swift */; };
		ABF55985247E4BEA00D8C88A /* ListChatViewController.xib in Resources */ = {isa = PBXBuildFile; fileRef = ABF55983247E4BEA00D8C88A /* ListChatViewController.xib */; };
		ABF55989247E4FC600D8C88A /* UserOnlineCollectionViewCell.swift in Sources */ = {isa = PBXBuildFile; fileRef = ABF55987247E4FC600D8C88A /* UserOnlineCollectionViewCell.swift */; };
		ABF5598A247E4FC600D8C88A /* UserOnlineCollectionViewCell.xib in Resources */ = {isa = PBXBuildFile; fileRef = ABF55988247E4FC600D8C88A /* UserOnlineCollectionViewCell.xib */; };
		ABF5598C247E50F300D8C88A /* UICollectionViewExtension.swift in Sources */ = {isa = PBXBuildFile; fileRef = ABF5598B247E50F300D8C88A /* UICollectionViewExtension.swift */; };
		ABF5598E247E5A0B00D8C88A /* UITableViewExtension.swift in Sources */ = {isa = PBXBuildFile; fileRef = ABF5598D247E5A0B00D8C88A /* UITableViewExtension.swift */; };
		ABF55991247E5BF100D8C88A /* ChatTableViewCell.swift in Sources */ = {isa = PBXBuildFile; fileRef = ABF5598F247E5BF100D8C88A /* ChatTableViewCell.swift */; };
		ABF55992247E5BF100D8C88A /* ChatTableViewCell.xib in Resources */ = {isa = PBXBuildFile; fileRef = ABF55990247E5BF100D8C88A /* ChatTableViewCell.xib */; };
		F86BACF8297752E874B4CBA8 /* libPods-MyChat.a in Frameworks */ = {isa = PBXBuildFile; fileRef = BEE845FA02FF3F7D53E07DB5 /* libPods-MyChat.a */; };
/* End PBXBuildFile section */

/* Begin PBXContainerItemProxy section */
		AB048FC12477B6A500FE0832 /* PBXContainerItemProxy */ = {
			isa = PBXContainerItemProxy;
			containerPortal = AB048FA22477B6A200FE0832 /* Project object */;
			proxyType = 1;
			remoteGlobalIDString = AB048FA92477B6A200FE0832;
			remoteInfo = MyChat;
		};
		AB048FCC2477B6A500FE0832 /* PBXContainerItemProxy */ = {
			isa = PBXContainerItemProxy;
			containerPortal = AB048FA22477B6A200FE0832 /* Project object */;
			proxyType = 1;
			remoteGlobalIDString = AB048FA92477B6A200FE0832;
			remoteInfo = MyChat;
		};
/* End PBXContainerItemProxy section */

/* Begin PBXFileReference section */
		10C47AF2A5699D3AEBA210B0 /* Pods-MyChatTests.debug.xcconfig */ = {isa = PBXFileReference; includeInIndex = 1; lastKnownFileType = text.xcconfig; name = "Pods-MyChatTests.debug.xcconfig"; path = "Target Support Files/Pods-MyChatTests/Pods-MyChatTests.debug.xcconfig"; sourceTree = "<group>"; };
		1729B6860833905D74BE7959 /* Pods-MyChat-MyChatUITests.debug.xcconfig */ = {isa = PBXFileReference; includeInIndex = 1; lastKnownFileType = text.xcconfig; name = "Pods-MyChat-MyChatUITests.debug.xcconfig"; path = "Target Support Files/Pods-MyChat-MyChatUITests/Pods-MyChat-MyChatUITests.debug.xcconfig"; sourceTree = "<group>"; };
		3410946A248393FE00124038 /* MessageByOtherTableViewCell.swift */ = {isa = PBXFileReference; lastKnownFileType = sourcecode.swift; path = MessageByOtherTableViewCell.swift; sourceTree = "<group>"; };
		3410946B248393FE00124038 /* MessageByOtherTableViewCell.xib */ = {isa = PBXFileReference; lastKnownFileType = file.xib; path = MessageByOtherTableViewCell.xib; sourceTree = "<group>"; };
		3448D4442482B0DB00608688 /* ChatViewController.xib */ = {isa = PBXFileReference; lastKnownFileType = file.xib; path = ChatViewController.xib; sourceTree = "<group>"; };
		3468EF90248D2B73002708DE /* MsgImgByOtherTableViewCell.swift */ = {isa = PBXFileReference; lastKnownFileType = sourcecode.swift; path = MsgImgByOtherTableViewCell.swift; sourceTree = "<group>"; };
		3468EF91248D2B73002708DE /* MsgImgByOtherTableViewCell.xib */ = {isa = PBXFileReference; lastKnownFileType = file.xib; path = MsgImgByOtherTableViewCell.xib; sourceTree = "<group>"; };
		3468EF94248D2C56002708DE /* MsgImgByCurrentUserTableViewCell.swift */ = {isa = PBXFileReference; lastKnownFileType = sourcecode.swift; path = MsgImgByCurrentUserTableViewCell.swift; sourceTree = "<group>"; };
		3468EF95248D2C56002708DE /* MsgImgByCurrentUserTableViewCell.xib */ = {isa = PBXFileReference; lastKnownFileType = file.xib; path = MsgImgByCurrentUserTableViewCell.xib; sourceTree = "<group>"; };
		3488796F2483EC17009AE8D5 /* MessageModel.swift */ = {isa = PBXFileReference; lastKnownFileType = sourcecode.swift; path = MessageModel.swift; sourceTree = "<group>"; };
		34DE581D2478301800B5BB2C /* UIColorExtension.swift */ = {isa = PBXFileReference; lastKnownFileType = sourcecode.swift; path = UIColorExtension.swift; sourceTree = "<group>"; };
		34F27147247C009100B6FF62 /* UITextFieldExtension.swift */ = {isa = PBXFileReference; lastKnownFileType = sourcecode.swift; path = UITextFieldExtension.swift; sourceTree = "<group>"; };
		858784EF93A5859BEBA053AF /* Pods-MyChat-MyChatUITests.release.xcconfig */ = {isa = PBXFileReference; includeInIndex = 1; lastKnownFileType = text.xcconfig; name = "Pods-MyChat-MyChatUITests.release.xcconfig"; path = "Target Support Files/Pods-MyChat-MyChatUITests/Pods-MyChat-MyChatUITests.release.xcconfig"; sourceTree = "<group>"; };
		8E0D1F18E8E080E8EB466757 /* Pods-MyChatTests.release.xcconfig */ = {isa = PBXFileReference; includeInIndex = 1; lastKnownFileType = text.xcconfig; name = "Pods-MyChatTests.release.xcconfig"; path = "Target Support Files/Pods-MyChatTests/Pods-MyChatTests.release.xcconfig"; sourceTree = "<group>"; };
		9D4ED4A25ADD18A3FC8EB313 /* Pods-MyChat.debug.xcconfig */ = {isa = PBXFileReference; includeInIndex = 1; lastKnownFileType = text.xcconfig; name = "Pods-MyChat.debug.xcconfig"; path = "Target Support Files/Pods-MyChat/Pods-MyChat.debug.xcconfig"; sourceTree = "<group>"; };
		AB048FAA2477B6A200FE0832 /* MyChat.app */ = {isa = PBXFileReference; explicitFileType = wrapper.application; includeInIndex = 0; path = MyChat.app; sourceTree = BUILT_PRODUCTS_DIR; };
		AB048FAD2477B6A200FE0832 /* AppDelegate.swift */ = {isa = PBXFileReference; lastKnownFileType = sourcecode.swift; path = AppDelegate.swift; sourceTree = "<group>"; };
		AB048FAF2477B6A200FE0832 /* SceneDelegate.swift */ = {isa = PBXFileReference; lastKnownFileType = sourcecode.swift; path = SceneDelegate.swift; sourceTree = "<group>"; };
		AB048FB42477B6A200FE0832 /* Base */ = {isa = PBXFileReference; lastKnownFileType = file.storyboard; name = Base; path = Base.lproj/Main.storyboard; sourceTree = "<group>"; };
		AB048FB62477B6A500FE0832 /* Assets.xcassets */ = {isa = PBXFileReference; lastKnownFileType = folder.assetcatalog; path = Assets.xcassets; sourceTree = "<group>"; };
		AB048FB92477B6A500FE0832 /* Base */ = {isa = PBXFileReference; lastKnownFileType = file.storyboard; name = Base; path = Base.lproj/LaunchScreen.storyboard; sourceTree = "<group>"; };
		AB048FBB2477B6A500FE0832 /* Info.plist */ = {isa = PBXFileReference; lastKnownFileType = text.plist.xml; path = Info.plist; sourceTree = "<group>"; };
		AB048FC02477B6A500FE0832 /* MyChatTests.xctest */ = {isa = PBXFileReference; explicitFileType = wrapper.cfbundle; includeInIndex = 0; path = MyChatTests.xctest; sourceTree = BUILT_PRODUCTS_DIR; };
		AB048FC42477B6A500FE0832 /* MyChatTests.swift */ = {isa = PBXFileReference; lastKnownFileType = sourcecode.swift; path = MyChatTests.swift; sourceTree = "<group>"; };
		AB048FC62477B6A500FE0832 /* Info.plist */ = {isa = PBXFileReference; lastKnownFileType = text.plist.xml; path = Info.plist; sourceTree = "<group>"; };
		AB048FCB2477B6A500FE0832 /* MyChatUITests.xctest */ = {isa = PBXFileReference; explicitFileType = wrapper.cfbundle; includeInIndex = 0; path = MyChatUITests.xctest; sourceTree = BUILT_PRODUCTS_DIR; };
		AB048FCF2477B6A500FE0832 /* MyChatUITests.swift */ = {isa = PBXFileReference; lastKnownFileType = sourcecode.swift; path = MyChatUITests.swift; sourceTree = "<group>"; };
		AB048FD12477B6A500FE0832 /* Info.plist */ = {isa = PBXFileReference; lastKnownFileType = text.plist.xml; path = Info.plist; sourceTree = "<group>"; };
		AB048FE32477BE4800FE0832 /* LoginViewController.swift */ = {isa = PBXFileReference; lastKnownFileType = sourcecode.swift; path = LoginViewController.swift; sourceTree = "<group>"; };
		AB048FE62477BF4100FE0832 /* RegisterViewController.swift */ = {isa = PBXFileReference; lastKnownFileType = sourcecode.swift; path = RegisterViewController.swift; sourceTree = "<group>"; };
		AB048FE92477BF6F00FE0832 /* NSObjectExtension.swift */ = {isa = PBXFileReference; lastKnownFileType = sourcecode.swift; path = NSObjectExtension.swift; sourceTree = "<group>"; };
		AB048FEE2477C2F200FE0832 /* UIViewExtension.swift */ = {isa = PBXFileReference; lastKnownFileType = sourcecode.swift; path = UIViewExtension.swift; sourceTree = "<group>"; };
		AB170BE3247F6A8C00AECECC /* LoginResultsPopup.swift */ = {isa = PBXFileReference; lastKnownFileType = sourcecode.swift; path = LoginResultsPopup.swift; sourceTree = "<group>"; };
		AB170BE5247F6A9C00AECECC /* LoginResultsPopup.xib */ = {isa = PBXFileReference; lastKnownFileType = file.xib; path = LoginResultsPopup.xib; sourceTree = "<group>"; };
		AB170BE8247F6DB200AECECC /* Contains.swift */ = {isa = PBXFileReference; lastKnownFileType = sourcecode.swift; path = Contains.swift; sourceTree = "<group>"; };
		AB170C3424801C5100AECECC /* UserModel.swift */ = {isa = PBXFileReference; lastKnownFileType = sourcecode.swift; path = UserModel.swift; sourceTree = "<group>"; };
		AB170C372480B2B200AECECC /* ProfileViewController.swift */ = {isa = PBXFileReference; lastKnownFileType = sourcecode.swift; path = ProfileViewController.swift; sourceTree = "<group>"; };
		AB170C382480B2B200AECECC /* ProfileViewController.xib */ = {isa = PBXFileReference; lastKnownFileType = file.xib; path = ProfileViewController.xib; sourceTree = "<group>"; };
		AB170C3B2480BEA000AECECC /* UILabelExtension.swift */ = {isa = PBXFileReference; lastKnownFileType = sourcecode.swift; path = UILabelExtension.swift; sourceTree = "<group>"; };
		AB260E3A24907FD000C42F68 /* ListFriendViewController.swift */ = {isa = PBXFileReference; lastKnownFileType = sourcecode.swift; path = ListFriendViewController.swift; sourceTree = "<group>"; };
		AB260E3B24907FD000C42F68 /* ListFriendViewController.xib */ = {isa = PBXFileReference; lastKnownFileType = file.xib; path = ListFriendViewController.xib; sourceTree = "<group>"; };
		AB388240247B93D1007823CE /* RegistrationResultsPopup.xib */ = {isa = PBXFileReference; lastKnownFileType = file.xib; path = RegistrationResultsPopup.xib; sourceTree = "<group>"; };
		AB388242247B93ED007823CE /* RegistrationResultsPopup.swift */ = {isa = PBXFileReference; lastKnownFileType = sourcecode.swift; path = RegistrationResultsPopup.swift; sourceTree = "<group>"; };
		AB47D8DB247CD40600751CB1 /* GoogleService-Info.plist */ = {isa = PBXFileReference; fileEncoding = 4; lastKnownFileType = text.plist.xml; path = "GoogleService-Info.plist"; sourceTree = "<group>"; };
		AB47D8DD247CD79F00751CB1 /* Intro.storyboard */ = {isa = PBXFileReference; lastKnownFileType = file.storyboard; path = Intro.storyboard; sourceTree = "<group>"; };
		AB47D8DF247CD7B800751CB1 /* IntroViewController.swift */ = {isa = PBXFileReference; lastKnownFileType = sourcecode.swift; path = IntroViewController.swift; sourceTree = "<group>"; };
		AB47D8E4247CF0EB00751CB1 /* SplashViewController.swift */ = {isa = PBXFileReference; lastKnownFileType = sourcecode.swift; path = SplashViewController.swift; sourceTree = "<group>"; };
		AB47D8E7247CF5F900751CB1 /* UIViewControllerExtension.swift */ = {isa = PBXFileReference; lastKnownFileType = sourcecode.swift; path = UIViewControllerExtension.swift; sourceTree = "<group>"; };
		AB47D8E9247CFBC300751CB1 /* RootPageViewController.swift */ = {isa = PBXFileReference; lastKnownFileType = sourcecode.swift; path = RootPageViewController.swift; sourceTree = "<group>"; };
		ABD4027E248A50F9008ECFF8 /* MessageByCurrentUserTableViewCell.swift */ = {isa = PBXFileReference; lastKnownFileType = sourcecode.swift; path = MessageByCurrentUserTableViewCell.swift; sourceTree = "<group>"; };
		ABD4027F248A50F9008ECFF8 /* MessageByCurrentUserTableViewCell.xib */ = {isa = PBXFileReference; lastKnownFileType = file.xib; path = MessageByCurrentUserTableViewCell.xib; sourceTree = "<group>"; };
		ABD40286248E0705008ECFF8 /* UIButtonExtension.swift */ = {isa = PBXFileReference; lastKnownFileType = sourcecode.swift; path = UIButtonExtension.swift; sourceTree = "<group>"; };
		ABD40288248E0951008ECFF8 /* ChatViewController.swift */ = {isa = PBXFileReference; fileEncoding = 4; lastKnownFileType = sourcecode.swift; path = ChatViewController.swift; sourceTree = "<group>"; };
		ABD4028A248E1DC3008ECFF8 /* StringExtension.swift */ = {isa = PBXFileReference; lastKnownFileType = sourcecode.swift; path = StringExtension.swift; sourceTree = "<group>"; };
		ABD4028C248E35C3008ECFF8 /* LastMessageModel.swift */ = {isa = PBXFileReference; lastKnownFileType = sourcecode.swift; path = LastMessageModel.swift; sourceTree = "<group>"; };
		ABD4028F248E36C9008ECFF8 /* Ultities.swift */ = {isa = PBXFileReference; lastKnownFileType = sourcecode.swift; path = Ultities.swift; sourceTree = "<group>"; };
		ABEF5F19248F2B530024492C /* ProfileDetailViewController.swift */ = {isa = PBXFileReference; lastKnownFileType = sourcecode.swift; path = ProfileDetailViewController.swift; sourceTree = "<group>"; };
		ABEF5F1A248F2B530024492C /* ProfileDetailViewController.xib */ = {isa = PBXFileReference; lastKnownFileType = file.xib; path = ProfileDetailViewController.xib; sourceTree = "<group>"; };
		ABEF5F1E248F2C870024492C /* ProfileDetailTableViewCell.swift */ = {isa = PBXFileReference; lastKnownFileType = sourcecode.swift; path = ProfileDetailTableViewCell.swift; sourceTree = "<group>"; };
		ABEF5F1F248F2C870024492C /* ProfileDetailTableViewCell.xib */ = {isa = PBXFileReference; lastKnownFileType = file.xib; path = ProfileDetailTableViewCell.xib; sourceTree = "<group>"; };
		ABF5597D247E434900D8C88A /* MainTabbar.storyboard */ = {isa = PBXFileReference; lastKnownFileType = file.storyboard; path = MainTabbar.storyboard; sourceTree = "<group>"; };
		ABF5597F247E456900D8C88A /* MainTabbarController.swift */ = {isa = PBXFileReference; lastKnownFileType = sourcecode.swift; path = MainTabbarController.swift; sourceTree = "<group>"; };
		ABF55982247E4BEA00D8C88A /* ListChatViewController.swift */ = {isa = PBXFileReference; lastKnownFileType = sourcecode.swift; path = ListChatViewController.swift; sourceTree = "<group>"; };
		ABF55983247E4BEA00D8C88A /* ListChatViewController.xib */ = {isa = PBXFileReference; lastKnownFileType = file.xib; path = ListChatViewController.xib; sourceTree = "<group>"; };
		ABF55987247E4FC600D8C88A /* UserOnlineCollectionViewCell.swift */ = {isa = PBXFileReference; lastKnownFileType = sourcecode.swift; path = UserOnlineCollectionViewCell.swift; sourceTree = "<group>"; };
		ABF55988247E4FC600D8C88A /* UserOnlineCollectionViewCell.xib */ = {isa = PBXFileReference; lastKnownFileType = file.xib; path = UserOnlineCollectionViewCell.xib; sourceTree = "<group>"; };
		ABF5598B247E50F300D8C88A /* UICollectionViewExtension.swift */ = {isa = PBXFileReference; lastKnownFileType = sourcecode.swift; path = UICollectionViewExtension.swift; sourceTree = "<group>"; };
		ABF5598D247E5A0B00D8C88A /* UITableViewExtension.swift */ = {isa = PBXFileReference; lastKnownFileType = sourcecode.swift; path = UITableViewExtension.swift; sourceTree = "<group>"; };
		ABF5598F247E5BF100D8C88A /* ChatTableViewCell.swift */ = {isa = PBXFileReference; lastKnownFileType = sourcecode.swift; path = ChatTableViewCell.swift; sourceTree = "<group>"; };
		ABF55990247E5BF100D8C88A /* ChatTableViewCell.xib */ = {isa = PBXFileReference; lastKnownFileType = file.xib; path = ChatTableViewCell.xib; sourceTree = "<group>"; };
		BCC3973F89F5685F1B16CE4A /* libPods-MyChatTests.a */ = {isa = PBXFileReference; explicitFileType = archive.ar; includeInIndex = 0; path = "libPods-MyChatTests.a"; sourceTree = BUILT_PRODUCTS_DIR; };
		BEE845FA02FF3F7D53E07DB5 /* libPods-MyChat.a */ = {isa = PBXFileReference; explicitFileType = archive.ar; includeInIndex = 0; path = "libPods-MyChat.a"; sourceTree = BUILT_PRODUCTS_DIR; };
		C2D0224CDF5F05779723E967 /* libPods-MyChat-MyChatUITests.a */ = {isa = PBXFileReference; explicitFileType = archive.ar; includeInIndex = 0; path = "libPods-MyChat-MyChatUITests.a"; sourceTree = BUILT_PRODUCTS_DIR; };
		E2358E724E1B80178B1F7B50 /* Pods-MyChat.release.xcconfig */ = {isa = PBXFileReference; includeInIndex = 1; lastKnownFileType = text.xcconfig; name = "Pods-MyChat.release.xcconfig"; path = "Target Support Files/Pods-MyChat/Pods-MyChat.release.xcconfig"; sourceTree = "<group>"; };
/* End PBXFileReference section */

/* Begin PBXFrameworksBuildPhase section */
		AB048FA72477B6A200FE0832 /* Frameworks */ = {
			isa = PBXFrameworksBuildPhase;
			buildActionMask = 2147483647;
			files = (
				F86BACF8297752E874B4CBA8 /* libPods-MyChat.a in Frameworks */,
			);
			runOnlyForDeploymentPostprocessing = 0;
		};
		AB048FBD2477B6A500FE0832 /* Frameworks */ = {
			isa = PBXFrameworksBuildPhase;
			buildActionMask = 2147483647;
			files = (
				948410647E0127069176A14F /* libPods-MyChatTests.a in Frameworks */,
			);
			runOnlyForDeploymentPostprocessing = 0;
		};
		AB048FC82477B6A500FE0832 /* Frameworks */ = {
			isa = PBXFrameworksBuildPhase;
			buildActionMask = 2147483647;
			files = (
				725505CF82090393F50EFCFD /* libPods-MyChat-MyChatUITests.a in Frameworks */,
			);
			runOnlyForDeploymentPostprocessing = 0;
		};
/* End PBXFrameworksBuildPhase section */

/* Begin PBXGroup section */
		340C35342483906F0045BED0 /* Cell */ = {
			isa = PBXGroup;
			children = (
				3410946A248393FE00124038 /* MessageByOtherTableViewCell.swift */,
				3410946B248393FE00124038 /* MessageByOtherTableViewCell.xib */,
				ABD4027E248A50F9008ECFF8 /* MessageByCurrentUserTableViewCell.swift */,
				ABD4027F248A50F9008ECFF8 /* MessageByCurrentUserTableViewCell.xib */,
				3468EF90248D2B73002708DE /* MsgImgByOtherTableViewCell.swift */,
				3468EF91248D2B73002708DE /* MsgImgByOtherTableViewCell.xib */,
				3468EF94248D2C56002708DE /* MsgImgByCurrentUserTableViewCell.swift */,
				3468EF95248D2C56002708DE /* MsgImgByCurrentUserTableViewCell.xib */,
			);
			path = Cell;
			sourceTree = "<group>";
		};
		3448D4422482B0C100608688 /* Chat */ = {
			isa = PBXGroup;
			children = (
				340C35342483906F0045BED0 /* Cell */,
				ABD40288248E0951008ECFF8 /* ChatViewController.swift */,
				3448D4442482B0DB00608688 /* ChatViewController.xib */,
			);
			path = Chat;
			sourceTree = "<group>";
		};
		34516A7024825B9B00915742 /* Popup */ = {
			isa = PBXGroup;
			children = (
				AB170BE3247F6A8C00AECECC /* LoginResultsPopup.swift */,
				AB170BE5247F6A9C00AECECC /* LoginResultsPopup.xib */,
			);
			path = Popup;
			sourceTree = "<group>";
		};
		34DE581A24782CC900B5BB2C /* Application */ = {
			isa = PBXGroup;
			children = (
				AB048FAD2477B6A200FE0832 /* AppDelegate.swift */,
				AB048FAF2477B6A200FE0832 /* SceneDelegate.swift */,
				AB048FB82477B6A500FE0832 /* LaunchScreen.storyboard */,
			);
			path = Application;
			sourceTree = "<group>";
		};
		34DE581B24782CDF00B5BB2C /* Resource */ = {
			isa = PBXGroup;
			children = (
				AB048FB62477B6A500FE0832 /* Assets.xcassets */,
			);
			path = Resource;
			sourceTree = "<group>";
		};
		34DE581C24782D2700B5BB2C /* LoginAndRegister */ = {
			isa = PBXGroup;
			children = (
				AB048FB32477B6A200FE0832 /* Main.storyboard */,
				AB048FE52477BF1900FE0832 /* Register */,
				AB048FE22477BE3300FE0832 /* Login */,
			);
			path = LoginAndRegister;
			sourceTree = "<group>";
		};
		A7B1F25828FE06C4E8144EC7 /* Frameworks */ = {
			isa = PBXGroup;
			children = (
				BEE845FA02FF3F7D53E07DB5 /* libPods-MyChat.a */,
				C2D0224CDF5F05779723E967 /* libPods-MyChat-MyChatUITests.a */,
				BCC3973F89F5685F1B16CE4A /* libPods-MyChatTests.a */,
			);
			name = Frameworks;
			sourceTree = "<group>";
		};
		AB048FA12477B6A200FE0832 = {
			isa = PBXGroup;
			children = (
				AB048FAC2477B6A200FE0832 /* MyChat */,
				AB048FC32477B6A500FE0832 /* MyChatTests */,
				AB048FCE2477B6A500FE0832 /* MyChatUITests */,
				AB048FAB2477B6A200FE0832 /* Products */,
				E6160480E677A55854CDB254 /* Pods */,
				A7B1F25828FE06C4E8144EC7 /* Frameworks */,
			);
			sourceTree = "<group>";
		};
		AB048FAB2477B6A200FE0832 /* Products */ = {
			isa = PBXGroup;
			children = (
				AB048FAA2477B6A200FE0832 /* MyChat.app */,
				AB048FC02477B6A500FE0832 /* MyChatTests.xctest */,
				AB048FCB2477B6A500FE0832 /* MyChatUITests.xctest */,
			);
			name = Products;
			sourceTree = "<group>";
		};
		AB048FAC2477B6A200FE0832 /* MyChat */ = {
			isa = PBXGroup;
			children = (
				AB388248247BC3E7007823CE /* Model */,
				AB048FE12477BE0600FE0832 /* ViewController */,
				AB170BE7247F6D9700AECECC /* Contains */,
				ABD4028E248E36B7008ECFF8 /* Utilties */,
				AB048FE82477BF5F00FE0832 /* Extension */,
				34DE581A24782CC900B5BB2C /* Application */,
				34DE581B24782CDF00B5BB2C /* Resource */,
				AB47D8DB247CD40600751CB1 /* GoogleService-Info.plist */,
				AB048FBB2477B6A500FE0832 /* Info.plist */,
			);
			path = MyChat;
			sourceTree = "<group>";
		};
		AB048FC32477B6A500FE0832 /* MyChatTests */ = {
			isa = PBXGroup;
			children = (
				AB048FC42477B6A500FE0832 /* MyChatTests.swift */,
				AB048FC62477B6A500FE0832 /* Info.plist */,
			);
			path = MyChatTests;
			sourceTree = "<group>";
		};
		AB048FCE2477B6A500FE0832 /* MyChatUITests */ = {
			isa = PBXGroup;
			children = (
				AB048FCF2477B6A500FE0832 /* MyChatUITests.swift */,
				AB048FD12477B6A500FE0832 /* Info.plist */,
			);
			path = MyChatUITests;
			sourceTree = "<group>";
		};
		AB048FE12477BE0600FE0832 /* ViewController */ = {
			isa = PBXGroup;
			children = (
				AB260E3924907FA600C42F68 /* ListFriend */,
				ABEF5F18248F2B1A0024492C /* ProfileDetail */,
				3448D4422482B0C100608688 /* Chat */,
				AB170C362480B29C00AECECC /* Profile */,
				ABF55981247E4BD200D8C88A /* ListChat */,
				ABF5597C247E42D700D8C88A /* MainTabbar */,
				AB47D8E2247CF0BD00751CB1 /* Intro */,
				34DE581C24782D2700B5BB2C /* LoginAndRegister */,
			);
			path = ViewController;
			sourceTree = "<group>";
		};
		AB048FE22477BE3300FE0832 /* Login */ = {
			isa = PBXGroup;
			children = (
				34516A7024825B9B00915742 /* Popup */,
				AB048FE32477BE4800FE0832 /* LoginViewController.swift */,
			);
			path = Login;
			sourceTree = "<group>";
		};
		AB048FE52477BF1900FE0832 /* Register */ = {
			isa = PBXGroup;
			children = (
				AB38823F247B933B007823CE /* Popup */,
				AB048FE62477BF4100FE0832 /* RegisterViewController.swift */,
			);
			path = Register;
			sourceTree = "<group>";
		};
		AB048FE82477BF5F00FE0832 /* Extension */ = {
			isa = PBXGroup;
			children = (
				AB048FEE2477C2F200FE0832 /* UIViewExtension.swift */,
				AB048FE92477BF6F00FE0832 /* NSObjectExtension.swift */,
				34DE581D2478301800B5BB2C /* UIColorExtension.swift */,
				34F27147247C009100B6FF62 /* UITextFieldExtension.swift */,
				AB47D8E7247CF5F900751CB1 /* UIViewControllerExtension.swift */,
				ABF5598B247E50F300D8C88A /* UICollectionViewExtension.swift */,
				ABF5598D247E5A0B00D8C88A /* UITableViewExtension.swift */,
				AB170C3B2480BEA000AECECC /* UILabelExtension.swift */,
				ABD40286248E0705008ECFF8 /* UIButtonExtension.swift */,
				ABD4028A248E1DC3008ECFF8 /* StringExtension.swift */,
			);
			path = Extension;
			sourceTree = "<group>";
		};
		AB170BE7247F6D9700AECECC /* Contains */ = {
			isa = PBXGroup;
			children = (
				AB170BE8247F6DB200AECECC /* Contains.swift */,
			);
			path = Contains;
			sourceTree = "<group>";
		};
		AB170C362480B29C00AECECC /* Profile */ = {
			isa = PBXGroup;
			children = (
				AB170C372480B2B200AECECC /* ProfileViewController.swift */,
				AB170C382480B2B200AECECC /* ProfileViewController.xib */,
			);
			path = Profile;
			sourceTree = "<group>";
		};
		AB260E3924907FA600C42F68 /* ListFriend */ = {
			isa = PBXGroup;
			children = (
				AB260E3A24907FD000C42F68 /* ListFriendViewController.swift */,
				AB260E3B24907FD000C42F68 /* ListFriendViewController.xib */,
			);
			path = ListFriend;
			sourceTree = "<group>";
		};
		AB38823F247B933B007823CE /* Popup */ = {
			isa = PBXGroup;
			children = (
				AB388240247B93D1007823CE /* RegistrationResultsPopup.xib */,
				AB388242247B93ED007823CE /* RegistrationResultsPopup.swift */,
			);
			path = Popup;
			sourceTree = "<group>";
		};
		AB388248247BC3E7007823CE /* Model */ = {
			isa = PBXGroup;
			children = (
				AB170C3424801C5100AECECC /* UserModel.swift */,
				3488796F2483EC17009AE8D5 /* MessageModel.swift */,
				ABD4028C248E35C3008ECFF8 /* LastMessageModel.swift */,
			);
			path = Model;
			sourceTree = "<group>";
		};
		AB47D8E2247CF0BD00751CB1 /* Intro */ = {
			isa = PBXGroup;
			children = (
				AB47D8DD247CD79F00751CB1 /* Intro.storyboard */,
				AB47D8E6247CF0FB00751CB1 /* Intro */,
				AB47D8E3247CF0D500751CB1 /* Splash */,
			);
			path = Intro;
			sourceTree = "<group>";
		};
		AB47D8E3247CF0D500751CB1 /* Splash */ = {
			isa = PBXGroup;
			children = (
				AB47D8E4247CF0EB00751CB1 /* SplashViewController.swift */,
			);
			path = Splash;
			sourceTree = "<group>";
		};
		AB47D8E6247CF0FB00751CB1 /* Intro */ = {
			isa = PBXGroup;
			children = (
				AB47D8E9247CFBC300751CB1 /* RootPageViewController.swift */,
				AB47D8DF247CD7B800751CB1 /* IntroViewController.swift */,
			);
			path = Intro;
			sourceTree = "<group>";
		};
		ABD4028E248E36B7008ECFF8 /* Utilties */ = {
			isa = PBXGroup;
			children = (
				ABD4028F248E36C9008ECFF8 /* Ultities.swift */,
			);
			path = Utilties;
			sourceTree = "<group>";
		};
		ABEF5F18248F2B1A0024492C /* ProfileDetail */ = {
			isa = PBXGroup;
			children = (
				ABEF5F1D248F2C6D0024492C /* Cell */,
				ABEF5F19248F2B530024492C /* ProfileDetailViewController.swift */,
				ABEF5F1A248F2B530024492C /* ProfileDetailViewController.xib */,
			);
			path = ProfileDetail;
			sourceTree = "<group>";
		};
		ABEF5F1D248F2C6D0024492C /* Cell */ = {
			isa = PBXGroup;
			children = (
				ABEF5F1E248F2C870024492C /* ProfileDetailTableViewCell.swift */,
				ABEF5F1F248F2C870024492C /* ProfileDetailTableViewCell.xib */,
			);
			path = Cell;
			sourceTree = "<group>";
		};
		ABF5597C247E42D700D8C88A /* MainTabbar */ = {
			isa = PBXGroup;
			children = (
				ABF5597D247E434900D8C88A /* MainTabbar.storyboard */,
				ABF5597F247E456900D8C88A /* MainTabbarController.swift */,
			);
			path = MainTabbar;
			sourceTree = "<group>";
		};
		ABF55981247E4BD200D8C88A /* ListChat */ = {
			isa = PBXGroup;
			children = (
				ABF55986247E4F9B00D8C88A /* Cell */,
				ABF55982247E4BEA00D8C88A /* ListChatViewController.swift */,
				ABF55983247E4BEA00D8C88A /* ListChatViewController.xib */,
			);
			path = ListChat;
			sourceTree = "<group>";
		};
		ABF55986247E4F9B00D8C88A /* Cell */ = {
			isa = PBXGroup;
			children = (
				ABF55987247E4FC600D8C88A /* UserOnlineCollectionViewCell.swift */,
				ABF55988247E4FC600D8C88A /* UserOnlineCollectionViewCell.xib */,
				ABF5598F247E5BF100D8C88A /* ChatTableViewCell.swift */,
				ABF55990247E5BF100D8C88A /* ChatTableViewCell.xib */,
			);
			path = Cell;
			sourceTree = "<group>";
		};
		E6160480E677A55854CDB254 /* Pods */ = {
			isa = PBXGroup;
			children = (
				9D4ED4A25ADD18A3FC8EB313 /* Pods-MyChat.debug.xcconfig */,
				E2358E724E1B80178B1F7B50 /* Pods-MyChat.release.xcconfig */,
				1729B6860833905D74BE7959 /* Pods-MyChat-MyChatUITests.debug.xcconfig */,
				858784EF93A5859BEBA053AF /* Pods-MyChat-MyChatUITests.release.xcconfig */,
				10C47AF2A5699D3AEBA210B0 /* Pods-MyChatTests.debug.xcconfig */,
				8E0D1F18E8E080E8EB466757 /* Pods-MyChatTests.release.xcconfig */,
			);
			path = Pods;
			sourceTree = "<group>";
		};
/* End PBXGroup section */

/* Begin PBXNativeTarget section */
		AB048FA92477B6A200FE0832 /* MyChat */ = {
			isa = PBXNativeTarget;
			buildConfigurationList = AB048FD42477B6A500FE0832 /* Build configuration list for PBXNativeTarget "MyChat" */;
			buildPhases = (
				59AF904BEC70162427486945 /* [CP] Check Pods Manifest.lock */,
				AB048FA62477B6A200FE0832 /* Sources */,
				AB048FA72477B6A200FE0832 /* Frameworks */,
				AB048FA82477B6A200FE0832 /* Resources */,
				FE4390C215F5F4DDF19A5904 /* [CP] Copy Pods Resources */,
			);
			buildRules = (
			);
			dependencies = (
			);
			name = MyChat;
			productName = MyChat;
			productReference = AB048FAA2477B6A200FE0832 /* MyChat.app */;
			productType = "com.apple.product-type.application";
		};
		AB048FBF2477B6A500FE0832 /* MyChatTests */ = {
			isa = PBXNativeTarget;
			buildConfigurationList = AB048FD72477B6A500FE0832 /* Build configuration list for PBXNativeTarget "MyChatTests" */;
			buildPhases = (
				10F30AE3E4AD1CDC9E87F409 /* [CP] Check Pods Manifest.lock */,
				AB048FBC2477B6A500FE0832 /* Sources */,
				AB048FBD2477B6A500FE0832 /* Frameworks */,
				AB048FBE2477B6A500FE0832 /* Resources */,
			);
			buildRules = (
			);
			dependencies = (
				AB048FC22477B6A500FE0832 /* PBXTargetDependency */,
			);
			name = MyChatTests;
			productName = MyChatTests;
			productReference = AB048FC02477B6A500FE0832 /* MyChatTests.xctest */;
			productType = "com.apple.product-type.bundle.unit-test";
		};
		AB048FCA2477B6A500FE0832 /* MyChatUITests */ = {
			isa = PBXNativeTarget;
			buildConfigurationList = AB048FDA2477B6A500FE0832 /* Build configuration list for PBXNativeTarget "MyChatUITests" */;
			buildPhases = (
				A2218AF6CC11E1678530B31A /* [CP] Check Pods Manifest.lock */,
				AB048FC72477B6A500FE0832 /* Sources */,
				AB048FC82477B6A500FE0832 /* Frameworks */,
				AB048FC92477B6A500FE0832 /* Resources */,
				4584B20371579F6986F9C343 /* [CP] Copy Pods Resources */,
			);
			buildRules = (
			);
			dependencies = (
				AB048FCD2477B6A500FE0832 /* PBXTargetDependency */,
			);
			name = MyChatUITests;
			productName = MyChatUITests;
			productReference = AB048FCB2477B6A500FE0832 /* MyChatUITests.xctest */;
			productType = "com.apple.product-type.bundle.ui-testing";
		};
/* End PBXNativeTarget section */

/* Begin PBXProject section */
		AB048FA22477B6A200FE0832 /* Project object */ = {
			isa = PBXProject;
			attributes = {
				LastSwiftUpdateCheck = 1100;
				LastUpgradeCheck = 1100;
				ORGANIZATIONNAME = "Chinh le";
				TargetAttributes = {
					AB048FA92477B6A200FE0832 = {
						CreatedOnToolsVersion = 11.0;
					};
					AB048FBF2477B6A500FE0832 = {
						CreatedOnToolsVersion = 11.0;
						TestTargetID = AB048FA92477B6A200FE0832;
					};
					AB048FCA2477B6A500FE0832 = {
						CreatedOnToolsVersion = 11.0;
						TestTargetID = AB048FA92477B6A200FE0832;
					};
				};
			};
			buildConfigurationList = AB048FA52477B6A200FE0832 /* Build configuration list for PBXProject "MyChat" */;
			compatibilityVersion = "Xcode 9.3";
			developmentRegion = en;
			hasScannedForEncodings = 0;
			knownRegions = (
				en,
				Base,
			);
			mainGroup = AB048FA12477B6A200FE0832;
			productRefGroup = AB048FAB2477B6A200FE0832 /* Products */;
			projectDirPath = "";
			projectRoot = "";
			targets = (
				AB048FA92477B6A200FE0832 /* MyChat */,
				AB048FBF2477B6A500FE0832 /* MyChatTests */,
				AB048FCA2477B6A500FE0832 /* MyChatUITests */,
			);
		};
/* End PBXProject section */

/* Begin PBXResourcesBuildPhase section */
		AB048FA82477B6A200FE0832 /* Resources */ = {
			isa = PBXResourcesBuildPhase;
			buildActionMask = 2147483647;
			files = (
				AB048FBA2477B6A500FE0832 /* LaunchScreen.storyboard in Resources */,
				ABF5598A247E4FC600D8C88A /* UserOnlineCollectionViewCell.xib in Resources */,
				AB048FB72477B6A500FE0832 /* Assets.xcassets in Resources */,
				3468EF93248D2B73002708DE /* MsgImgByOtherTableViewCell.xib in Resources */,
				AB170BE6247F6A9C00AECECC /* LoginResultsPopup.xib in Resources */,
				AB47D8DC247CD40600751CB1 /* GoogleService-Info.plist in Resources */,
				3410946D248393FE00124038 /* MessageByOtherTableViewCell.xib in Resources */,
				ABF5597E247E434900D8C88A /* MainTabbar.storyboard in Resources */,
				AB260E3D24907FD000C42F68 /* ListFriendViewController.xib in Resources */,
				AB170C3A2480B2B200AECECC /* ProfileViewController.xib in Resources */,
				3448D4462482B0DB00608688 /* ChatViewController.xib in Resources */,
				AB388241247B93D1007823CE /* RegistrationResultsPopup.xib in Resources */,
				AB048FB52477B6A200FE0832 /* Main.storyboard in Resources */,
				3468EF97248D2C56002708DE /* MsgImgByCurrentUserTableViewCell.xib in Resources */,
				ABF55992247E5BF100D8C88A /* ChatTableViewCell.xib in Resources */,
				ABF55985247E4BEA00D8C88A /* ListChatViewController.xib in Resources */,
				AB47D8DE247CD79F00751CB1 /* Intro.storyboard in Resources */,
				ABD40281248A50F9008ECFF8 /* MessageByCurrentUserTableViewCell.xib in Resources */,
				ABEF5F1C248F2B540024492C /* ProfileDetailViewController.xib in Resources */,
				ABEF5F21248F2C870024492C /* ProfileDetailTableViewCell.xib in Resources */,
			);
			runOnlyForDeploymentPostprocessing = 0;
		};
		AB048FBE2477B6A500FE0832 /* Resources */ = {
			isa = PBXResourcesBuildPhase;
			buildActionMask = 2147483647;
			files = (
			);
			runOnlyForDeploymentPostprocessing = 0;
		};
		AB048FC92477B6A500FE0832 /* Resources */ = {
			isa = PBXResourcesBuildPhase;
			buildActionMask = 2147483647;
			files = (
			);
			runOnlyForDeploymentPostprocessing = 0;
		};
/* End PBXResourcesBuildPhase section */

/* Begin PBXShellScriptBuildPhase section */
		10F30AE3E4AD1CDC9E87F409 /* [CP] Check Pods Manifest.lock */ = {
			isa = PBXShellScriptBuildPhase;
			buildActionMask = 2147483647;
			files = (
			);
			inputFileListPaths = (
			);
			inputPaths = (
				"${PODS_PODFILE_DIR_PATH}/Podfile.lock",
				"${PODS_ROOT}/Manifest.lock",
			);
			name = "[CP] Check Pods Manifest.lock";
			outputFileListPaths = (
			);
			outputPaths = (
				"$(DERIVED_FILE_DIR)/Pods-MyChatTests-checkManifestLockResult.txt",
			);
			runOnlyForDeploymentPostprocessing = 0;
			shellPath = /bin/sh;
			shellScript = "diff \"${PODS_PODFILE_DIR_PATH}/Podfile.lock\" \"${PODS_ROOT}/Manifest.lock\" > /dev/null\nif [ $? != 0 ] ; then\n    # print error to STDERR\n    echo \"error: The sandbox is not in sync with the Podfile.lock. Run 'pod install' or update your CocoaPods installation.\" >&2\n    exit 1\nfi\n# This output is used by Xcode 'outputs' to avoid re-running this script phase.\necho \"SUCCESS\" > \"${SCRIPT_OUTPUT_FILE_0}\"\n";
			showEnvVarsInLog = 0;
		};
		4584B20371579F6986F9C343 /* [CP] Copy Pods Resources */ = {
			isa = PBXShellScriptBuildPhase;
			buildActionMask = 2147483647;
			files = (
			);
			inputFileListPaths = (
				"${PODS_ROOT}/Target Support Files/Pods-MyChat-MyChatUITests/Pods-MyChat-MyChatUITests-resources-${CONFIGURATION}-input-files.xcfilelist",
			);
			name = "[CP] Copy Pods Resources";
			outputFileListPaths = (
				"${PODS_ROOT}/Target Support Files/Pods-MyChat-MyChatUITests/Pods-MyChat-MyChatUITests-resources-${CONFIGURATION}-output-files.xcfilelist",
			);
			runOnlyForDeploymentPostprocessing = 0;
			shellPath = /bin/sh;
			shellScript = "\"${PODS_ROOT}/Target Support Files/Pods-MyChat-MyChatUITests/Pods-MyChat-MyChatUITests-resources.sh\"\n";
			showEnvVarsInLog = 0;
		};
		59AF904BEC70162427486945 /* [CP] Check Pods Manifest.lock */ = {
			isa = PBXShellScriptBuildPhase;
			buildActionMask = 2147483647;
			files = (
			);
			inputFileListPaths = (
			);
			inputPaths = (
				"${PODS_PODFILE_DIR_PATH}/Podfile.lock",
				"${PODS_ROOT}/Manifest.lock",
			);
			name = "[CP] Check Pods Manifest.lock";
			outputFileListPaths = (
			);
			outputPaths = (
				"$(DERIVED_FILE_DIR)/Pods-MyChat-checkManifestLockResult.txt",
			);
			runOnlyForDeploymentPostprocessing = 0;
			shellPath = /bin/sh;
			shellScript = "diff \"${PODS_PODFILE_DIR_PATH}/Podfile.lock\" \"${PODS_ROOT}/Manifest.lock\" > /dev/null\nif [ $? != 0 ] ; then\n    # print error to STDERR\n    echo \"error: The sandbox is not in sync with the Podfile.lock. Run 'pod install' or update your CocoaPods installation.\" >&2\n    exit 1\nfi\n# This output is used by Xcode 'outputs' to avoid re-running this script phase.\necho \"SUCCESS\" > \"${SCRIPT_OUTPUT_FILE_0}\"\n";
			showEnvVarsInLog = 0;
		};
		A2218AF6CC11E1678530B31A /* [CP] Check Pods Manifest.lock */ = {
			isa = PBXShellScriptBuildPhase;
			buildActionMask = 2147483647;
			files = (
			);
			inputFileListPaths = (
			);
			inputPaths = (
				"${PODS_PODFILE_DIR_PATH}/Podfile.lock",
				"${PODS_ROOT}/Manifest.lock",
			);
			name = "[CP] Check Pods Manifest.lock";
			outputFileListPaths = (
			);
			outputPaths = (
				"$(DERIVED_FILE_DIR)/Pods-MyChat-MyChatUITests-checkManifestLockResult.txt",
			);
			runOnlyForDeploymentPostprocessing = 0;
			shellPath = /bin/sh;
			shellScript = "diff \"${PODS_PODFILE_DIR_PATH}/Podfile.lock\" \"${PODS_ROOT}/Manifest.lock\" > /dev/null\nif [ $? != 0 ] ; then\n    # print error to STDERR\n    echo \"error: The sandbox is not in sync with the Podfile.lock. Run 'pod install' or update your CocoaPods installation.\" >&2\n    exit 1\nfi\n# This output is used by Xcode 'outputs' to avoid re-running this script phase.\necho \"SUCCESS\" > \"${SCRIPT_OUTPUT_FILE_0}\"\n";
			showEnvVarsInLog = 0;
		};
		FE4390C215F5F4DDF19A5904 /* [CP] Copy Pods Resources */ = {
			isa = PBXShellScriptBuildPhase;
			buildActionMask = 2147483647;
			files = (
			);
			inputFileListPaths = (
				"${PODS_ROOT}/Target Support Files/Pods-MyChat/Pods-MyChat-resources-${CONFIGURATION}-input-files.xcfilelist",
			);
			name = "[CP] Copy Pods Resources";
			outputFileListPaths = (
				"${PODS_ROOT}/Target Support Files/Pods-MyChat/Pods-MyChat-resources-${CONFIGURATION}-output-files.xcfilelist",
			);
			runOnlyForDeploymentPostprocessing = 0;
			shellPath = /bin/sh;
			shellScript = "\"${PODS_ROOT}/Target Support Files/Pods-MyChat/Pods-MyChat-resources.sh\"\n";
			showEnvVarsInLog = 0;
		};
/* End PBXShellScriptBuildPhase section */

/* Begin PBXSourcesBuildPhase section */
		AB048FA62477B6A200FE0832 /* Sources */ = {
			isa = PBXSourcesBuildPhase;
			buildActionMask = 2147483647;
			files = (
				AB048FEF2477C2F200FE0832 /* UIViewExtension.swift in Sources */,
				AB048FE72477BF4100FE0832 /* RegisterViewController.swift in Sources */,
				ABF55984247E4BEA00D8C88A /* ListChatViewController.swift in Sources */,
				ABF55980247E456900D8C88A /* MainTabbarController.swift in Sources */,
				ABEF5F20248F2C870024492C /* ProfileDetailTableViewCell.swift in Sources */,
				ABD4028B248E1DC3008ECFF8 /* StringExtension.swift in Sources */,
				ABEF5F1B248F2B540024492C /* ProfileDetailViewController.swift in Sources */,
				ABF5598E247E5A0B00D8C88A /* UITableViewExtension.swift in Sources */,
				ABF5598C247E50F300D8C88A /* UICollectionViewExtension.swift in Sources */,
				AB048FAE2477B6A200FE0832 /* AppDelegate.swift in Sources */,
				ABD40280248A50F9008ECFF8 /* MessageByCurrentUserTableViewCell.swift in Sources */,
				3410946C248393FE00124038 /* MessageByOtherTableViewCell.swift in Sources */,
				AB170BE4247F6A8C00AECECC /* LoginResultsPopup.swift in Sources */,
				AB47D8E5247CF0EB00751CB1 /* SplashViewController.swift in Sources */,
				ABD40290248E36C9008ECFF8 /* Ultities.swift in Sources */,
				ABD4028D248E35C3008ECFF8 /* LastMessageModel.swift in Sources */,
				AB170C3524801C5100AECECC /* UserModel.swift in Sources */,
				AB170BE9247F6DB200AECECC /* Contains.swift in Sources */,
				3468EF92248D2B73002708DE /* MsgImgByOtherTableViewCell.swift in Sources */,
				AB170C3C2480BEA000AECECC /* UILabelExtension.swift in Sources */,
				34DE581E2478301800B5BB2C /* UIColorExtension.swift in Sources */,
				ABF55989247E4FC600D8C88A /* UserOnlineCollectionViewCell.swift in Sources */,
				3468EF96248D2C56002708DE /* MsgImgByCurrentUserTableViewCell.swift in Sources */,
				AB048FEA2477BF6F00FE0832 /* NSObjectExtension.swift in Sources */,
				348879702483EC17009AE8D5 /* MessageModel.swift in Sources */,
				ABD40287248E0705008ECFF8 /* UIButtonExtension.swift in Sources */,
				34F27148247C009100B6FF62 /* UITextFieldExtension.swift in Sources */,
				AB048FE42477BE4800FE0832 /* LoginViewController.swift in Sources */,
				AB048FB02477B6A200FE0832 /* SceneDelegate.swift in Sources */,
				AB47D8E8247CF5F900751CB1 /* UIViewControllerExtension.swift in Sources */,
				AB47D8E0247CD7B800751CB1 /* IntroViewController.swift in Sources */,
				AB47D8EA247CFBC300751CB1 /* RootPageViewController.swift in Sources */,
				ABF55991247E5BF100D8C88A /* ChatTableViewCell.swift in Sources */,
				AB170C392480B2B200AECECC /* ProfileViewController.swift in Sources */,
				AB260E3C24907FD000C42F68 /* ListFriendViewController.swift in Sources */,
				AB388243247B93ED007823CE /* RegistrationResultsPopup.swift in Sources */,
				ABD40289248E0951008ECFF8 /* ChatViewController.swift in Sources */,
			);
			runOnlyForDeploymentPostprocessing = 0;
		};
		AB048FBC2477B6A500FE0832 /* Sources */ = {
			isa = PBXSourcesBuildPhase;
			buildActionMask = 2147483647;
			files = (
				AB048FC52477B6A500FE0832 /* MyChatTests.swift in Sources */,
			);
			runOnlyForDeploymentPostprocessing = 0;
		};
		AB048FC72477B6A500FE0832 /* Sources */ = {
			isa = PBXSourcesBuildPhase;
			buildActionMask = 2147483647;
			files = (
				AB048FD02477B6A500FE0832 /* MyChatUITests.swift in Sources */,
			);
			runOnlyForDeploymentPostprocessing = 0;
		};
/* End PBXSourcesBuildPhase section */

/* Begin PBXTargetDependency section */
		AB048FC22477B6A500FE0832 /* PBXTargetDependency */ = {
			isa = PBXTargetDependency;
			target = AB048FA92477B6A200FE0832 /* MyChat */;
			targetProxy = AB048FC12477B6A500FE0832 /* PBXContainerItemProxy */;
		};
		AB048FCD2477B6A500FE0832 /* PBXTargetDependency */ = {
			isa = PBXTargetDependency;
			target = AB048FA92477B6A200FE0832 /* MyChat */;
			targetProxy = AB048FCC2477B6A500FE0832 /* PBXContainerItemProxy */;
		};
/* End PBXTargetDependency section */

/* Begin PBXVariantGroup section */
		AB048FB32477B6A200FE0832 /* Main.storyboard */ = {
			isa = PBXVariantGroup;
			children = (
				AB048FB42477B6A200FE0832 /* Base */,
			);
			name = Main.storyboard;
			sourceTree = "<group>";
		};
		AB048FB82477B6A500FE0832 /* LaunchScreen.storyboard */ = {
			isa = PBXVariantGroup;
			children = (
				AB048FB92477B6A500FE0832 /* Base */,
			);
			name = LaunchScreen.storyboard;
			sourceTree = "<group>";
		};
/* End PBXVariantGroup section */

/* Begin XCBuildConfiguration section */
		AB048FD22477B6A500FE0832 /* Debug */ = {
			isa = XCBuildConfiguration;
			buildSettings = {
				ALWAYS_SEARCH_USER_PATHS = NO;
				CLANG_ANALYZER_NONNULL = YES;
				CLANG_ANALYZER_NUMBER_OBJECT_CONVERSION = YES_AGGRESSIVE;
				CLANG_CXX_LANGUAGE_STANDARD = "gnu++14";
				CLANG_CXX_LIBRARY = "libc++";
				CLANG_ENABLE_MODULES = YES;
				CLANG_ENABLE_OBJC_ARC = YES;
				CLANG_ENABLE_OBJC_WEAK = YES;
				CLANG_WARN_BLOCK_CAPTURE_AUTORELEASING = YES;
				CLANG_WARN_BOOL_CONVERSION = YES;
				CLANG_WARN_COMMA = YES;
				CLANG_WARN_CONSTANT_CONVERSION = YES;
				CLANG_WARN_DEPRECATED_OBJC_IMPLEMENTATIONS = YES;
				CLANG_WARN_DIRECT_OBJC_ISA_USAGE = YES_ERROR;
				CLANG_WARN_DOCUMENTATION_COMMENTS = YES;
				CLANG_WARN_EMPTY_BODY = YES;
				CLANG_WARN_ENUM_CONVERSION = YES;
				CLANG_WARN_INFINITE_RECURSION = YES;
				CLANG_WARN_INT_CONVERSION = YES;
				CLANG_WARN_NON_LITERAL_NULL_CONVERSION = YES;
				CLANG_WARN_OBJC_IMPLICIT_RETAIN_SELF = YES;
				CLANG_WARN_OBJC_LITERAL_CONVERSION = YES;
				CLANG_WARN_OBJC_ROOT_CLASS = YES_ERROR;
				CLANG_WARN_RANGE_LOOP_ANALYSIS = YES;
				CLANG_WARN_STRICT_PROTOTYPES = YES;
				CLANG_WARN_SUSPICIOUS_MOVE = YES;
				CLANG_WARN_UNGUARDED_AVAILABILITY = YES_AGGRESSIVE;
				CLANG_WARN_UNREACHABLE_CODE = YES;
				CLANG_WARN__DUPLICATE_METHOD_MATCH = YES;
				COPY_PHASE_STRIP = NO;
				DEBUG_INFORMATION_FORMAT = dwarf;
				ENABLE_STRICT_OBJC_MSGSEND = YES;
				ENABLE_TESTABILITY = YES;
				GCC_C_LANGUAGE_STANDARD = gnu11;
				GCC_DYNAMIC_NO_PIC = NO;
				GCC_NO_COMMON_BLOCKS = YES;
				GCC_OPTIMIZATION_LEVEL = 0;
				GCC_PREPROCESSOR_DEFINITIONS = (
					"DEBUG=1",
					"$(inherited)",
				);
				GCC_WARN_64_TO_32_BIT_CONVERSION = YES;
				GCC_WARN_ABOUT_RETURN_TYPE = YES_ERROR;
				GCC_WARN_UNDECLARED_SELECTOR = YES;
				GCC_WARN_UNINITIALIZED_AUTOS = YES_AGGRESSIVE;
				GCC_WARN_UNUSED_FUNCTION = YES;
				GCC_WARN_UNUSED_VARIABLE = YES;
				IPHONEOS_DEPLOYMENT_TARGET = 13.0;
				MTL_ENABLE_DEBUG_INFO = INCLUDE_SOURCE;
				MTL_FAST_MATH = YES;
				ONLY_ACTIVE_ARCH = YES;
				SDKROOT = iphoneos;
				SWIFT_ACTIVE_COMPILATION_CONDITIONS = DEBUG;
				SWIFT_OPTIMIZATION_LEVEL = "-Onone";
			};
			name = Debug;
		};
		AB048FD32477B6A500FE0832 /* Release */ = {
			isa = XCBuildConfiguration;
			buildSettings = {
				ALWAYS_SEARCH_USER_PATHS = NO;
				CLANG_ANALYZER_NONNULL = YES;
				CLANG_ANALYZER_NUMBER_OBJECT_CONVERSION = YES_AGGRESSIVE;
				CLANG_CXX_LANGUAGE_STANDARD = "gnu++14";
				CLANG_CXX_LIBRARY = "libc++";
				CLANG_ENABLE_MODULES = YES;
				CLANG_ENABLE_OBJC_ARC = YES;
				CLANG_ENABLE_OBJC_WEAK = YES;
				CLANG_WARN_BLOCK_CAPTURE_AUTORELEASING = YES;
				CLANG_WARN_BOOL_CONVERSION = YES;
				CLANG_WARN_COMMA = YES;
				CLANG_WARN_CONSTANT_CONVERSION = YES;
				CLANG_WARN_DEPRECATED_OBJC_IMPLEMENTATIONS = YES;
				CLANG_WARN_DIRECT_OBJC_ISA_USAGE = YES_ERROR;
				CLANG_WARN_DOCUMENTATION_COMMENTS = YES;
				CLANG_WARN_EMPTY_BODY = YES;
				CLANG_WARN_ENUM_CONVERSION = YES;
				CLANG_WARN_INFINITE_RECURSION = YES;
				CLANG_WARN_INT_CONVERSION = YES;
				CLANG_WARN_NON_LITERAL_NULL_CONVERSION = YES;
				CLANG_WARN_OBJC_IMPLICIT_RETAIN_SELF = YES;
				CLANG_WARN_OBJC_LITERAL_CONVERSION = YES;
				CLANG_WARN_OBJC_ROOT_CLASS = YES_ERROR;
				CLANG_WARN_RANGE_LOOP_ANALYSIS = YES;
				CLANG_WARN_STRICT_PROTOTYPES = YES;
				CLANG_WARN_SUSPICIOUS_MOVE = YES;
				CLANG_WARN_UNGUARDED_AVAILABILITY = YES_AGGRESSIVE;
				CLANG_WARN_UNREACHABLE_CODE = YES;
				CLANG_WARN__DUPLICATE_METHOD_MATCH = YES;
				COPY_PHASE_STRIP = NO;
				DEBUG_INFORMATION_FORMAT = "dwarf-with-dsym";
				ENABLE_NS_ASSERTIONS = NO;
				ENABLE_STRICT_OBJC_MSGSEND = YES;
				GCC_C_LANGUAGE_STANDARD = gnu11;
				GCC_NO_COMMON_BLOCKS = YES;
				GCC_WARN_64_TO_32_BIT_CONVERSION = YES;
				GCC_WARN_ABOUT_RETURN_TYPE = YES_ERROR;
				GCC_WARN_UNDECLARED_SELECTOR = YES;
				GCC_WARN_UNINITIALIZED_AUTOS = YES_AGGRESSIVE;
				GCC_WARN_UNUSED_FUNCTION = YES;
				GCC_WARN_UNUSED_VARIABLE = YES;
				IPHONEOS_DEPLOYMENT_TARGET = 13.0;
				MTL_ENABLE_DEBUG_INFO = NO;
				MTL_FAST_MATH = YES;
				SDKROOT = iphoneos;
				SWIFT_COMPILATION_MODE = wholemodule;
				SWIFT_OPTIMIZATION_LEVEL = "-O";
				VALIDATE_PRODUCT = YES;
			};
			name = Release;
		};
		AB048FD52477B6A500FE0832 /* Debug */ = {
			isa = XCBuildConfiguration;
			baseConfigurationReference = 9D4ED4A25ADD18A3FC8EB313 /* Pods-MyChat.debug.xcconfig */;
			buildSettings = {
				ASSETCATALOG_COMPILER_APPICON_NAME = AppIcon;
				CODE_SIGN_STYLE = Automatic;
				DEVELOPMENT_TEAM = 4884LNW8HD;
				INFOPLIST_FILE = MyChat/Info.plist;
				IPHONEOS_DEPLOYMENT_TARGET = 11.1;
				LD_RUNPATH_SEARCH_PATHS = (
					"$(inherited)",
					"@executable_path/Frameworks",
				);
				PRODUCT_BUNDLE_IDENTIFIER = com.MovieDatabase.MyChat;
				PRODUCT_NAME = "$(TARGET_NAME)";
				SWIFT_VERSION = 5.0;
				TARGETED_DEVICE_FAMILY = "1,2";
			};
			name = Debug;
		};
		AB048FD62477B6A500FE0832 /* Release */ = {
			isa = XCBuildConfiguration;
			baseConfigurationReference = E2358E724E1B80178B1F7B50 /* Pods-MyChat.release.xcconfig */;
			buildSettings = {
				ASSETCATALOG_COMPILER_APPICON_NAME = AppIcon;
				CODE_SIGN_STYLE = Automatic;
				DEVELOPMENT_TEAM = 4884LNW8HD;
				INFOPLIST_FILE = MyChat/Info.plist;
				IPHONEOS_DEPLOYMENT_TARGET = 11.1;
				LD_RUNPATH_SEARCH_PATHS = (
					"$(inherited)",
					"@executable_path/Frameworks",
				);
				PRODUCT_BUNDLE_IDENTIFIER = com.MovieDatabase.MyChat;
				PRODUCT_NAME = "$(TARGET_NAME)";
				SWIFT_VERSION = 5.0;
				TARGETED_DEVICE_FAMILY = "1,2";
			};
			name = Release;
		};
		AB048FD82477B6A500FE0832 /* Debug */ = {
			isa = XCBuildConfiguration;
			baseConfigurationReference = 10C47AF2A5699D3AEBA210B0 /* Pods-MyChatTests.debug.xcconfig */;
			buildSettings = {
				ALWAYS_EMBED_SWIFT_STANDARD_LIBRARIES = YES;
				BUNDLE_LOADER = "$(TEST_HOST)";
				CODE_SIGN_STYLE = Automatic;
				INFOPLIST_FILE = MyChatTests/Info.plist;
				IPHONEOS_DEPLOYMENT_TARGET = 13.0;
				LD_RUNPATH_SEARCH_PATHS = (
					"$(inherited)",
					"@executable_path/Frameworks",
					"@loader_path/Frameworks",
				);
				PRODUCT_BUNDLE_IDENTIFIER = com.MovieDatabase.MyChatTests;
				PRODUCT_NAME = "$(TARGET_NAME)";
				SWIFT_VERSION = 5.0;
				TARGETED_DEVICE_FAMILY = "1,2";
				TEST_HOST = "$(BUILT_PRODUCTS_DIR)/MyChat.app/MyChat";
			};
			name = Debug;
		};
		AB048FD92477B6A500FE0832 /* Release */ = {
			isa = XCBuildConfiguration;
			baseConfigurationReference = 8E0D1F18E8E080E8EB466757 /* Pods-MyChatTests.release.xcconfig */;
			buildSettings = {
				ALWAYS_EMBED_SWIFT_STANDARD_LIBRARIES = YES;
				BUNDLE_LOADER = "$(TEST_HOST)";
				CODE_SIGN_STYLE = Automatic;
				INFOPLIST_FILE = MyChatTests/Info.plist;
				IPHONEOS_DEPLOYMENT_TARGET = 13.0;
				LD_RUNPATH_SEARCH_PATHS = (
					"$(inherited)",
					"@executable_path/Frameworks",
					"@loader_path/Frameworks",
				);
				PRODUCT_BUNDLE_IDENTIFIER = com.MovieDatabase.MyChatTests;
				PRODUCT_NAME = "$(TARGET_NAME)";
				SWIFT_VERSION = 5.0;
				TARGETED_DEVICE_FAMILY = "1,2";
				TEST_HOST = "$(BUILT_PRODUCTS_DIR)/MyChat.app/MyChat";
			};
			name = Release;
		};
		AB048FDB2477B6A500FE0832 /* Debug */ = {
			isa = XCBuildConfiguration;
			baseConfigurationReference = 1729B6860833905D74BE7959 /* Pods-MyChat-MyChatUITests.debug.xcconfig */;
			buildSettings = {
				ALWAYS_EMBED_SWIFT_STANDARD_LIBRARIES = YES;
				CODE_SIGN_STYLE = Automatic;
				INFOPLIST_FILE = MyChatUITests/Info.plist;
				LD_RUNPATH_SEARCH_PATHS = (
					"$(inherited)",
					"@executable_path/Frameworks",
					"@loader_path/Frameworks",
				);
				PRODUCT_BUNDLE_IDENTIFIER = com.MovieDatabase.MyChatUITests;
				PRODUCT_NAME = "$(TARGET_NAME)";
				SWIFT_VERSION = 5.0;
				TARGETED_DEVICE_FAMILY = "1,2";
				TEST_TARGET_NAME = MyChat;
			};
			name = Debug;
		};
		AB048FDC2477B6A500FE0832 /* Release */ = {
			isa = XCBuildConfiguration;
			baseConfigurationReference = 858784EF93A5859BEBA053AF /* Pods-MyChat-MyChatUITests.release.xcconfig */;
			buildSettings = {
				ALWAYS_EMBED_SWIFT_STANDARD_LIBRARIES = YES;
				CODE_SIGN_STYLE = Automatic;
				INFOPLIST_FILE = MyChatUITests/Info.plist;
				LD_RUNPATH_SEARCH_PATHS = (
					"$(inherited)",
					"@executable_path/Frameworks",
					"@loader_path/Frameworks",
				);
				PRODUCT_BUNDLE_IDENTIFIER = com.MovieDatabase.MyChatUITests;
				PRODUCT_NAME = "$(TARGET_NAME)";
				SWIFT_VERSION = 5.0;
				TARGETED_DEVICE_FAMILY = "1,2";
				TEST_TARGET_NAME = MyChat;
			};
			name = Release;
		};
/* End XCBuildConfiguration section */

/* Begin XCConfigurationList section */
		AB048FA52477B6A200FE0832 /* Build configuration list for PBXProject "MyChat" */ = {
			isa = XCConfigurationList;
			buildConfigurations = (
				AB048FD22477B6A500FE0832 /* Debug */,
				AB048FD32477B6A500FE0832 /* Release */,
			);
			defaultConfigurationIsVisible = 0;
			defaultConfigurationName = Release;
		};
		AB048FD42477B6A500FE0832 /* Build configuration list for PBXNativeTarget "MyChat" */ = {
			isa = XCConfigurationList;
			buildConfigurations = (
				AB048FD52477B6A500FE0832 /* Debug */,
				AB048FD62477B6A500FE0832 /* Release */,
			);
			defaultConfigurationIsVisible = 0;
			defaultConfigurationName = Release;
		};
		AB048FD72477B6A500FE0832 /* Build configuration list for PBXNativeTarget "MyChatTests" */ = {
			isa = XCConfigurationList;
			buildConfigurations = (
				AB048FD82477B6A500FE0832 /* Debug */,
				AB048FD92477B6A500FE0832 /* Release */,
			);
			defaultConfigurationIsVisible = 0;
			defaultConfigurationName = Release;
		};
		AB048FDA2477B6A500FE0832 /* Build configuration list for PBXNativeTarget "MyChatUITests" */ = {
			isa = XCConfigurationList;
			buildConfigurations = (
				AB048FDB2477B6A500FE0832 /* Debug */,
				AB048FDC2477B6A500FE0832 /* Release */,
			);
			defaultConfigurationIsVisible = 0;
			defaultConfigurationName = Release;
		};
/* End XCConfigurationList section */
	};
	rootObject = AB048FA22477B6A200FE0832 /* Project object */;
}
