// !$*UTF8*$!
{
	archiveVersion = 1;
	classes = {
	};
	objectVersion = 51;
	objects = {

/* Begin PBXBuildFile section */
		34DE581E2478301800B5BB2C /* UIColorExtension.swift in Sources */ = {isa = PBXBuildFile; fileRef = 34DE581D2478301800B5BB2C /* UIColorExtension.swift */; };
		34F27148247C009100B6FF62 /* UITextFieldExtension.swift in Sources */ = {isa = PBXBuildFile; fileRef = 34F27147247C009100B6FF62 /* UITextFieldExtension.swift */; };
		8125901176814BD572278716 /* Pods_MyChat_MyChatUITests.framework in Frameworks */ = {isa = PBXBuildFile; fileRef = 638844DF3E8363707C476A30 /* Pods_MyChat_MyChatUITests.framework */; };
		94E362640E05DAB46BB1F4C5 /* Pods_MyChatTests.framework in Frameworks */ = {isa = PBXBuildFile; fileRef = E6E4E07D86F6D5056EE0DDF5 /* Pods_MyChatTests.framework */; };
		A2B57566272EE22C5E3203A0 /* Pods_MyChat.framework in Frameworks */ = {isa = PBXBuildFile; fileRef = 9B8ECB5F73996D9DFECE4243 /* Pods_MyChat.framework */; };
		AB048FAE2477B6A200FE0832 /* AppDelegate.swift in Sources */ = {isa = PBXBuildFile; fileRef = AB048FAD2477B6A200FE0832 /* AppDelegate.swift */; };
		AB048FB02477B6A200FE0832 /* SceneDelegate.swift in Sources */ = {isa = PBXBuildFile; fileRef = AB048FAF2477B6A200FE0832 /* SceneDelegate.swift */; };
		AB048FB52477B6A200FE0832 /* Main.storyboard in Resources */ = {isa = PBXBuildFile; fileRef = AB048FB32477B6A200FE0832 /* Main.storyboard */; };
		AB048FB72477B6A500FE0832 /* Assets.xcassets in Resources */ = {isa = PBXBuildFile; fileRef = AB048FB62477B6A500FE0832 /* Assets.xcassets */; };
		AB048FBA2477B6A500FE0832 /* LaunchScreen.storyboard in Resources */ = {isa = PBXBuildFile; fileRef = AB048FB82477B6A500FE0832 /* LaunchScreen.storyboard */; };
		AB048FC52477B6A500FE0832 /* MyChatTests.swift in Sources */ = {isa = PBXBuildFile; fileRef = AB048FC42477B6A500FE0832 /* MyChatTests.swift */; };
		AB048FD02477B6A500FE0832 /* MyChatUITests.swift in Sources */ = {isa = PBXBuildFile; fileRef = AB048FCF2477B6A500FE0832 /* MyChatUITests.swift */; };
		AB048FE42477BE4800FE0832 /* LoginViewController.swift in Sources */ = {isa = PBXBuildFile; fileRef = AB048FE32477BE4800FE0832 /* LoginViewController.swift */; };
		AB048FE72477BF4100FE0832 /* RegisterViewController.swift in Sources */ = {isa = PBXBuildFile; fileRef = AB048FE62477BF4100FE0832 /* RegisterViewController.swift */; };
		AB048FEA2477BF6F00FE0832 /* NSObjectExtension.swift in Sources */ = {isa = PBXBuildFile; fileRef = AB048FE92477BF6F00FE0832 /* NSObjectExtension.swift */; };
		AB048FEF2477C2F200FE0832 /* UIViewExtension.swift in Sources */ = {isa = PBXBuildFile; fileRef = AB048FEE2477C2F200FE0832 /* UIViewExtension.swift */; };
		AB388241247B93D1007823CE /* RegistrationResultsPopup.xib in Resources */ = {isa = PBXBuildFile; fileRef = AB388240247B93D1007823CE /* RegistrationResultsPopup.xib */; };
		AB388243247B93ED007823CE /* RegistrationResultsPopup.swift in Sources */ = {isa = PBXBuildFile; fileRef = AB388242247B93ED007823CE /* RegistrationResultsPopup.swift */; };
		AB38824A247BC415007823CE /* UserModel.swift in Sources */ = {isa = PBXBuildFile; fileRef = AB388249247BC415007823CE /* UserModel.swift */; };
/* End PBXBuildFile section */

/* Begin PBXContainerItemProxy section */
		AB048FC12477B6A500FE0832 /* PBXContainerItemProxy */ = {
			isa = PBXContainerItemProxy;
			containerPortal = AB048FA22477B6A200FE0832 /* Project object */;
			proxyType = 1;
			remoteGlobalIDString = AB048FA92477B6A200FE0832;
			remoteInfo = MyChat;
		};
		AB048FCC2477B6A500FE0832 /* PBXContainerItemProxy */ = {
			isa = PBXContainerItemProxy;
			containerPortal = AB048FA22477B6A200FE0832 /* Project object */;
			proxyType = 1;
			remoteGlobalIDString = AB048FA92477B6A200FE0832;
			remoteInfo = MyChat;
		};
/* End PBXContainerItemProxy section */

/* Begin PBXFileReference section */
		214B6AF0A99F7079982420BC /* Pods-MyChatTests.release.xcconfig */ = {isa = PBXFileReference; includeInIndex = 1; lastKnownFileType = text.xcconfig; name = "Pods-MyChatTests.release.xcconfig"; path = "Target Support Files/Pods-MyChatTests/Pods-MyChatTests.release.xcconfig"; sourceTree = "<group>"; };
		34DE581D2478301800B5BB2C /* UIColorExtension.swift */ = {isa = PBXFileReference; lastKnownFileType = sourcecode.swift; path = UIColorExtension.swift; sourceTree = "<group>"; };
		34F27147247C009100B6FF62 /* UITextFieldExtension.swift */ = {isa = PBXFileReference; lastKnownFileType = sourcecode.swift; path = UITextFieldExtension.swift; sourceTree = "<group>"; };
		3CEEB8A5B852DAF9543A69ED /* Pods-MyChat-MyChatUITests.debug.xcconfig */ = {isa = PBXFileReference; includeInIndex = 1; lastKnownFileType = text.xcconfig; name = "Pods-MyChat-MyChatUITests.debug.xcconfig"; path = "Target Support Files/Pods-MyChat-MyChatUITests/Pods-MyChat-MyChatUITests.debug.xcconfig"; sourceTree = "<group>"; };
		638844DF3E8363707C476A30 /* Pods_MyChat_MyChatUITests.framework */ = {isa = PBXFileReference; explicitFileType = wrapper.framework; includeInIndex = 0; path = Pods_MyChat_MyChatUITests.framework; sourceTree = BUILT_PRODUCTS_DIR; };
		89E911A8737198013E4BFB41 /* Pods-MyChat-MyChatUITests.release.xcconfig */ = {isa = PBXFileReference; includeInIndex = 1; lastKnownFileType = text.xcconfig; name = "Pods-MyChat-MyChatUITests.release.xcconfig"; path = "Target Support Files/Pods-MyChat-MyChatUITests/Pods-MyChat-MyChatUITests.release.xcconfig"; sourceTree = "<group>"; };
		9B8ECB5F73996D9DFECE4243 /* Pods_MyChat.framework */ = {isa = PBXFileReference; explicitFileType = wrapper.framework; includeInIndex = 0; path = Pods_MyChat.framework; sourceTree = BUILT_PRODUCTS_DIR; };
		AB048FAA2477B6A200FE0832 /* MyChat.app */ = {isa = PBXFileReference; explicitFileType = wrapper.application; includeInIndex = 0; path = MyChat.app; sourceTree = BUILT_PRODUCTS_DIR; };
		AB048FAD2477B6A200FE0832 /* AppDelegate.swift */ = {isa = PBXFileReference; lastKnownFileType = sourcecode.swift; path = AppDelegate.swift; sourceTree = "<group>"; };
		AB048FAF2477B6A200FE0832 /* SceneDelegate.swift */ = {isa = PBXFileReference; lastKnownFileType = sourcecode.swift; path = SceneDelegate.swift; sourceTree = "<group>"; };
		AB048FB42477B6A200FE0832 /* Base */ = {isa = PBXFileReference; lastKnownFileType = file.storyboard; name = Base; path = Base.lproj/Main.storyboard; sourceTree = "<group>"; };
		AB048FB62477B6A500FE0832 /* Assets.xcassets */ = {isa = PBXFileReference; lastKnownFileType = folder.assetcatalog; path = Assets.xcassets; sourceTree = "<group>"; };
		AB048FB92477B6A500FE0832 /* Base */ = {isa = PBXFileReference; lastKnownFileType = file.storyboard; name = Base; path = Base.lproj/LaunchScreen.storyboard; sourceTree = "<group>"; };
		AB048FBB2477B6A500FE0832 /* Info.plist */ = {isa = PBXFileReference; lastKnownFileType = text.plist.xml; path = Info.plist; sourceTree = "<group>"; };
		AB048FC02477B6A500FE0832 /* MyChatTests.xctest */ = {isa = PBXFileReference; explicitFileType = wrapper.cfbundle; includeInIndex = 0; path = MyChatTests.xctest; sourceTree = BUILT_PRODUCTS_DIR; };
		AB048FC42477B6A500FE0832 /* MyChatTests.swift */ = {isa = PBXFileReference; lastKnownFileType = sourcecode.swift; path = MyChatTests.swift; sourceTree = "<group>"; };
		AB048FC62477B6A500FE0832 /* Info.plist */ = {isa = PBXFileReference; lastKnownFileType = text.plist.xml; path = Info.plist; sourceTree = "<group>"; };
		AB048FCB2477B6A500FE0832 /* MyChatUITests.xctest */ = {isa = PBXFileReference; explicitFileType = wrapper.cfbundle; includeInIndex = 0; path = MyChatUITests.xctest; sourceTree = BUILT_PRODUCTS_DIR; };
		AB048FCF2477B6A500FE0832 /* MyChatUITests.swift */ = {isa = PBXFileReference; lastKnownFileType = sourcecode.swift; path = MyChatUITests.swift; sourceTree = "<group>"; };
		AB048FD12477B6A500FE0832 /* Info.plist */ = {isa = PBXFileReference; lastKnownFileType = text.plist.xml; path = Info.plist; sourceTree = "<group>"; };
		AB048FE32477BE4800FE0832 /* LoginViewController.swift */ = {isa = PBXFileReference; lastKnownFileType = sourcecode.swift; path = LoginViewController.swift; sourceTree = "<group>"; };
		AB048FE62477BF4100FE0832 /* RegisterViewController.swift */ = {isa = PBXFileReference; lastKnownFileType = sourcecode.swift; path = RegisterViewController.swift; sourceTree = "<group>"; };
		AB048FE92477BF6F00FE0832 /* NSObjectExtension.swift */ = {isa = PBXFileReference; lastKnownFileType = sourcecode.swift; path = NSObjectExtension.swift; sourceTree = "<group>"; };
		AB048FEE2477C2F200FE0832 /* UIViewExtension.swift */ = {isa = PBXFileReference; lastKnownFileType = sourcecode.swift; path = UIViewExtension.swift; sourceTree = "<group>"; };
		AB388240247B93D1007823CE /* RegistrationResultsPopup.xib */ = {isa = PBXFileReference; lastKnownFileType = file.xib; path = RegistrationResultsPopup.xib; sourceTree = "<group>"; };
		AB388242247B93ED007823CE /* RegistrationResultsPopup.swift */ = {isa = PBXFileReference; lastKnownFileType = sourcecode.swift; path = RegistrationResultsPopup.swift; sourceTree = "<group>"; };
		AB388249247BC415007823CE /* UserModel.swift */ = {isa = PBXFileReference; lastKnownFileType = sourcecode.swift; path = UserModel.swift; sourceTree = "<group>"; };
		E02DBCE41B693544CBB66433 /* Pods-MyChatTests.debug.xcconfig */ = {isa = PBXFileReference; includeInIndex = 1; lastKnownFileType = text.xcconfig; name = "Pods-MyChatTests.debug.xcconfig"; path = "Target Support Files/Pods-MyChatTests/Pods-MyChatTests.debug.xcconfig"; sourceTree = "<group>"; };
		E47F601A0EBC0C6635C01F36 /* Pods-MyChat.release.xcconfig */ = {isa = PBXFileReference; includeInIndex = 1; lastKnownFileType = text.xcconfig; name = "Pods-MyChat.release.xcconfig"; path = "Target Support Files/Pods-MyChat/Pods-MyChat.release.xcconfig"; sourceTree = "<group>"; };
		E6E4E07D86F6D5056EE0DDF5 /* Pods_MyChatTests.framework */ = {isa = PBXFileReference; explicitFileType = wrapper.framework; includeInIndex = 0; path = Pods_MyChatTests.framework; sourceTree = BUILT_PRODUCTS_DIR; };
		F4B76E8C0265C3C5E6801183 /* Pods-MyChat.debug.xcconfig */ = {isa = PBXFileReference; includeInIndex = 1; lastKnownFileType = text.xcconfig; name = "Pods-MyChat.debug.xcconfig"; path = "Target Support Files/Pods-MyChat/Pods-MyChat.debug.xcconfig"; sourceTree = "<group>"; };
/* End PBXFileReference section */

/* Begin PBXFrameworksBuildPhase section */
		AB048FA72477B6A200FE0832 /* Frameworks */ = {
			isa = PBXFrameworksBuildPhase;
			buildActionMask = 2147483647;
			files = (
				A2B57566272EE22C5E3203A0 /* Pods_MyChat.framework in Frameworks */,
			);
			runOnlyForDeploymentPostprocessing = 0;
		};
		AB048FBD2477B6A500FE0832 /* Frameworks */ = {
			isa = PBXFrameworksBuildPhase;
			buildActionMask = 2147483647;
			files = (
				94E362640E05DAB46BB1F4C5 /* Pods_MyChatTests.framework in Frameworks */,
			);
			runOnlyForDeploymentPostprocessing = 0;
		};
		AB048FC82477B6A500FE0832 /* Frameworks */ = {
			isa = PBXFrameworksBuildPhase;
			buildActionMask = 2147483647;
			files = (
				8125901176814BD572278716 /* Pods_MyChat_MyChatUITests.framework in Frameworks */,
			);
			runOnlyForDeploymentPostprocessing = 0;
		};
/* End PBXFrameworksBuildPhase section */

/* Begin PBXGroup section */
		29FC194659901B2227C38497 /* Frameworks */ = {
			isa = PBXGroup;
			children = (
				9B8ECB5F73996D9DFECE4243 /* Pods_MyChat.framework */,
				638844DF3E8363707C476A30 /* Pods_MyChat_MyChatUITests.framework */,
				E6E4E07D86F6D5056EE0DDF5 /* Pods_MyChatTests.framework */,
			);
			name = Frameworks;
			sourceTree = "<group>";
		};
		34DE581A24782CC900B5BB2C /* Application */ = {
			isa = PBXGroup;
			children = (
				AB048FAD2477B6A200FE0832 /* AppDelegate.swift */,
				AB048FAF2477B6A200FE0832 /* SceneDelegate.swift */,
				AB048FB82477B6A500FE0832 /* LaunchScreen.storyboard */,
			);
			path = Application;
			sourceTree = "<group>";
		};
		34DE581B24782CDF00B5BB2C /* Resource */ = {
			isa = PBXGroup;
			children = (
				AB048FB62477B6A500FE0832 /* Assets.xcassets */,
			);
			path = Resource;
			sourceTree = "<group>";
		};
		34DE581C24782D2700B5BB2C /* LoginAndRegister */ = {
			isa = PBXGroup;
			children = (
				AB048FB32477B6A200FE0832 /* Main.storyboard */,
				AB048FE52477BF1900FE0832 /* Register */,
				AB048FE22477BE3300FE0832 /* Login */,
			);
			path = LoginAndRegister;
			sourceTree = "<group>";
		};
		AB048FA12477B6A200FE0832 = {
			isa = PBXGroup;
			children = (
				AB048FAC2477B6A200FE0832 /* MyChat */,
				AB048FC32477B6A500FE0832 /* MyChatTests */,
				AB048FCE2477B6A500FE0832 /* MyChatUITests */,
				AB048FAB2477B6A200FE0832 /* Products */,
				E6160480E677A55854CDB254 /* Pods */,
				29FC194659901B2227C38497 /* Frameworks */,
			);
			sourceTree = "<group>";
		};
		AB048FAB2477B6A200FE0832 /* Products */ = {
			isa = PBXGroup;
			children = (
				AB048FAA2477B6A200FE0832 /* MyChat.app */,
				AB048FC02477B6A500FE0832 /* MyChatTests.xctest */,
				AB048FCB2477B6A500FE0832 /* MyChatUITests.xctest */,
			);
			name = Products;
			sourceTree = "<group>";
		};
		AB048FAC2477B6A200FE0832 /* MyChat */ = {
			isa = PBXGroup;
			children = (
				AB388248247BC3E7007823CE /* Model */,
				AB048FE12477BE0600FE0832 /* ViewController */,
				34DE581A24782CC900B5BB2C /* Application */,
				AB048FE82477BF5F00FE0832 /* Extension */,
				34DE581B24782CDF00B5BB2C /* Resource */,
				AB048FBB2477B6A500FE0832 /* Info.plist */,
			);
			path = MyChat;
			sourceTree = "<group>";
		};
		AB048FC32477B6A500FE0832 /* MyChatTests */ = {
			isa = PBXGroup;
			children = (
				AB048FC42477B6A500FE0832 /* MyChatTests.swift */,
				AB048FC62477B6A500FE0832 /* Info.plist */,
			);
			path = MyChatTests;
			sourceTree = "<group>";
		};
		AB048FCE2477B6A500FE0832 /* MyChatUITests */ = {
			isa = PBXGroup;
			children = (
				AB048FCF2477B6A500FE0832 /* MyChatUITests.swift */,
				AB048FD12477B6A500FE0832 /* Info.plist */,
			);
			path = MyChatUITests;
			sourceTree = "<group>";
		};
		AB048FE12477BE0600FE0832 /* ViewController */ = {
			isa = PBXGroup;
			children = (
				34DE581C24782D2700B5BB2C /* LoginAndRegister */,
			);
			path = ViewController;
			sourceTree = "<group>";
		};
		AB048FE22477BE3300FE0832 /* Login */ = {
			isa = PBXGroup;
			children = (
				AB048FE32477BE4800FE0832 /* LoginViewController.swift */,
			);
			path = Login;
			sourceTree = "<group>";
		};
		AB048FE52477BF1900FE0832 /* Register */ = {
			isa = PBXGroup;
			children = (
				AB38823F247B933B007823CE /* Popup */,
				AB048FE62477BF4100FE0832 /* RegisterViewController.swift */,
			);
			path = Register;
			sourceTree = "<group>";
		};
		AB048FE82477BF5F00FE0832 /* Extension */ = {
			isa = PBXGroup;
			children = (
				AB048FEE2477C2F200FE0832 /* UIViewExtension.swift */,
				AB048FE92477BF6F00FE0832 /* NSObjectExtension.swift */,
				34DE581D2478301800B5BB2C /* UIColorExtension.swift */,
				34F27147247C009100B6FF62 /* UITextFieldExtension.swift */,
			);
			path = Extension;
			sourceTree = "<group>";
		};
		AB38823F247B933B007823CE /* Popup */ = {
			isa = PBXGroup;
			children = (
				AB388240247B93D1007823CE /* RegistrationResultsPopup.xib */,
				AB388242247B93ED007823CE /* RegistrationResultsPopup.swift */,
			);
			path = Popup;
			sourceTree = "<group>";
		};
		AB388248247BC3E7007823CE /* Model */ = {
			isa = PBXGroup;
			children = (
				AB388249247BC415007823CE /* UserModel.swift */,
			);
			path = Model;
			sourceTree = "<group>";
		};
		E6160480E677A55854CDB254 /* Pods */ = {
			isa = PBXGroup;
			children = (
				F4B76E8C0265C3C5E6801183 /* Pods-MyChat.debug.xcconfig */,
				E47F601A0EBC0C6635C01F36 /* Pods-MyChat.release.xcconfig */,
				3CEEB8A5B852DAF9543A69ED /* Pods-MyChat-MyChatUITests.debug.xcconfig */,
				89E911A8737198013E4BFB41 /* Pods-MyChat-MyChatUITests.release.xcconfig */,
				E02DBCE41B693544CBB66433 /* Pods-MyChatTests.debug.xcconfig */,
				214B6AF0A99F7079982420BC /* Pods-MyChatTests.release.xcconfig */,
			);
			path = Pods;
			sourceTree = "<group>";
		};
/* End PBXGroup section */

/* Begin PBXNativeTarget section */
		AB048FA92477B6A200FE0832 /* MyChat */ = {
			isa = PBXNativeTarget;
			buildConfigurationList = AB048FD42477B6A500FE0832 /* Build configuration list for PBXNativeTarget "MyChat" */;
			buildPhases = (
				32A9A55032C9A8B8A32022E8 /* [CP] Check Pods Manifest.lock */,
				AB048FA62477B6A200FE0832 /* Sources */,
				AB048FA72477B6A200FE0832 /* Frameworks */,
				AB048FA82477B6A200FE0832 /* Resources */,
				4DE3B5B401DF2208332FE3D4 /* [CP] Embed Pods Frameworks */,
			);
			buildRules = (
			);
			dependencies = (
			);
			name = MyChat;
			productName = MyChat;
			productReference = AB048FAA2477B6A200FE0832 /* MyChat.app */;
			productType = "com.apple.product-type.application";
		};
		AB048FBF2477B6A500FE0832 /* MyChatTests */ = {
			isa = PBXNativeTarget;
			buildConfigurationList = AB048FD72477B6A500FE0832 /* Build configuration list for PBXNativeTarget "MyChatTests" */;
			buildPhases = (
				9B96282D73EC738248F18F8E /* [CP] Check Pods Manifest.lock */,
				AB048FBC2477B6A500FE0832 /* Sources */,
				AB048FBD2477B6A500FE0832 /* Frameworks */,
				AB048FBE2477B6A500FE0832 /* Resources */,
			);
			buildRules = (
			);
			dependencies = (
				AB048FC22477B6A500FE0832 /* PBXTargetDependency */,
			);
			name = MyChatTests;
			productName = MyChatTests;
			productReference = AB048FC02477B6A500FE0832 /* MyChatTests.xctest */;
			productType = "com.apple.product-type.bundle.unit-test";
		};
		AB048FCA2477B6A500FE0832 /* MyChatUITests */ = {
			isa = PBXNativeTarget;
			buildConfigurationList = AB048FDA2477B6A500FE0832 /* Build configuration list for PBXNativeTarget "MyChatUITests" */;
			buildPhases = (
				EA8D7E0901094F742AFF1BA2 /* [CP] Check Pods Manifest.lock */,
				AB048FC72477B6A500FE0832 /* Sources */,
				AB048FC82477B6A500FE0832 /* Frameworks */,
				AB048FC92477B6A500FE0832 /* Resources */,
				5E5D880ECED081518EB5D687 /* [CP] Embed Pods Frameworks */,
			);
			buildRules = (
			);
			dependencies = (
				AB048FCD2477B6A500FE0832 /* PBXTargetDependency */,
			);
			name = MyChatUITests;
			productName = MyChatUITests;
			productReference = AB048FCB2477B6A500FE0832 /* MyChatUITests.xctest */;
			productType = "com.apple.product-type.bundle.ui-testing";
		};
/* End PBXNativeTarget section */

/* Begin PBXProject section */
		AB048FA22477B6A200FE0832 /* Project object */ = {
			isa = PBXProject;
			attributes = {
				LastSwiftUpdateCheck = 1100;
				LastUpgradeCheck = 1100;
				ORGANIZATIONNAME = "Chinh le";
				TargetAttributes = {
					AB048FA92477B6A200FE0832 = {
						CreatedOnToolsVersion = 11.0;
					};
					AB048FBF2477B6A500FE0832 = {
						CreatedOnToolsVersion = 11.0;
						TestTargetID = AB048FA92477B6A200FE0832;
					};
					AB048FCA2477B6A500FE0832 = {
						CreatedOnToolsVersion = 11.0;
						TestTargetID = AB048FA92477B6A200FE0832;
					};
				};
			};
			buildConfigurationList = AB048FA52477B6A200FE0832 /* Build configuration list for PBXProject "MyChat" */;
			compatibilityVersion = "Xcode 9.3";
			developmentRegion = en;
			hasScannedForEncodings = 0;
			knownRegions = (
				en,
				Base,
			);
			mainGroup = AB048FA12477B6A200FE0832;
			productRefGroup = AB048FAB2477B6A200FE0832 /* Products */;
			projectDirPath = "";
			projectRoot = "";
			targets = (
				AB048FA92477B6A200FE0832 /* MyChat */,
				AB048FBF2477B6A500FE0832 /* MyChatTests */,
				AB048FCA2477B6A500FE0832 /* MyChatUITests */,
			);
		};
/* End PBXProject section */

/* Begin PBXResourcesBuildPhase section */
		AB048FA82477B6A200FE0832 /* Resources */ = {
			isa = PBXResourcesBuildPhase;
			buildActionMask = 2147483647;
			files = (
				AB048FBA2477B6A500FE0832 /* LaunchScreen.storyboard in Resources */,
				AB048FB72477B6A500FE0832 /* Assets.xcassets in Resources */,
				AB388241247B93D1007823CE /* RegistrationResultsPopup.xib in Resources */,
				AB048FB52477B6A200FE0832 /* Main.storyboard in Resources */,
			);
			runOnlyForDeploymentPostprocessing = 0;
		};
		AB048FBE2477B6A500FE0832 /* Resources */ = {
			isa = PBXResourcesBuildPhase;
			buildActionMask = 2147483647;
			files = (
			);
			runOnlyForDeploymentPostprocessing = 0;
		};
		AB048FC92477B6A500FE0832 /* Resources */ = {
			isa = PBXResourcesBuildPhase;
			buildActionMask = 2147483647;
			files = (
			);
			runOnlyForDeploymentPostprocessing = 0;
		};
/* End PBXResourcesBuildPhase section */

/* Begin PBXShellScriptBuildPhase section */
		32A9A55032C9A8B8A32022E8 /* [CP] Check Pods Manifest.lock */ = {
			isa = PBXShellScriptBuildPhase;
			buildActionMask = 2147483647;
			files = (
			);
			inputFileListPaths = (
			);
			inputPaths = (
				"${PODS_PODFILE_DIR_PATH}/Podfile.lock",
				"${PODS_ROOT}/Manifest.lock",
			);
			name = "[CP] Check Pods Manifest.lock";
			outputFileListPaths = (
			);
			outputPaths = (
				"$(DERIVED_FILE_DIR)/Pods-MyChat-checkManifestLockResult.txt",
			);
			runOnlyForDeploymentPostprocessing = 0;
			shellPath = /bin/sh;
			shellScript = "diff \"${PODS_PODFILE_DIR_PATH}/Podfile.lock\" \"${PODS_ROOT}/Manifest.lock\" > /dev/null\nif [ $? != 0 ] ; then\n    # print error to STDERR\n    echo \"error: The sandbox is not in sync with the Podfile.lock. Run 'pod install' or update your CocoaPods installation.\" >&2\n    exit 1\nfi\n# This output is used by Xcode 'outputs' to avoid re-running this script phase.\necho \"SUCCESS\" > \"${SCRIPT_OUTPUT_FILE_0}\"\n";
			showEnvVarsInLog = 0;
		};
		4DE3B5B401DF2208332FE3D4 /* [CP] Embed Pods Frameworks */ = {
			isa = PBXShellScriptBuildPhase;
			buildActionMask = 2147483647;
			files = (
			);
			inputFileListPaths = (
				"${PODS_ROOT}/Target Support Files/Pods-MyChat/Pods-MyChat-frameworks-${CONFIGURATION}-input-files.xcfilelist",
			);
			name = "[CP] Embed Pods Frameworks";
			outputFileListPaths = (
				"${PODS_ROOT}/Target Support Files/Pods-MyChat/Pods-MyChat-frameworks-${CONFIGURATION}-output-files.xcfilelist",
			);
			runOnlyForDeploymentPostprocessing = 0;
			shellPath = /bin/sh;
			shellScript = "\"${PODS_ROOT}/Target Support Files/Pods-MyChat/Pods-MyChat-frameworks.sh\"\n";
			showEnvVarsInLog = 0;
		};
		5E5D880ECED081518EB5D687 /* [CP] Embed Pods Frameworks */ = {
			isa = PBXShellScriptBuildPhase;
			buildActionMask = 2147483647;
			files = (
			);
			inputFileListPaths = (
				"${PODS_ROOT}/Target Support Files/Pods-MyChat-MyChatUITests/Pods-MyChat-MyChatUITests-frameworks-${CONFIGURATION}-input-files.xcfilelist",
			);
			name = "[CP] Embed Pods Frameworks";
			outputFileListPaths = (
				"${PODS_ROOT}/Target Support Files/Pods-MyChat-MyChatUITests/Pods-MyChat-MyChatUITests-frameworks-${CONFIGURATION}-output-files.xcfilelist",
			);
			runOnlyForDeploymentPostprocessing = 0;
			shellPath = /bin/sh;
			shellScript = "\"${PODS_ROOT}/Target Support Files/Pods-MyChat-MyChatUITests/Pods-MyChat-MyChatUITests-frameworks.sh\"\n";
			showEnvVarsInLog = 0;
		};
		9B96282D73EC738248F18F8E /* [CP] Check Pods Manifest.lock */ = {
			isa = PBXShellScriptBuildPhase;
			buildActionMask = 2147483647;
			files = (
			);
			inputFileListPaths = (
			);
			inputPaths = (
				"${PODS_PODFILE_DIR_PATH}/Podfile.lock",
				"${PODS_ROOT}/Manifest.lock",
			);
			name = "[CP] Check Pods Manifest.lock";
			outputFileListPaths = (
			);
			outputPaths = (
				"$(DERIVED_FILE_DIR)/Pods-MyChatTests-checkManifestLockResult.txt",
			);
			runOnlyForDeploymentPostprocessing = 0;
			shellPath = /bin/sh;
			shellScript = "diff \"${PODS_PODFILE_DIR_PATH}/Podfile.lock\" \"${PODS_ROOT}/Manifest.lock\" > /dev/null\nif [ $? != 0 ] ; then\n    # print error to STDERR\n    echo \"error: The sandbox is not in sync with the Podfile.lock. Run 'pod install' or update your CocoaPods installation.\" >&2\n    exit 1\nfi\n# This output is used by Xcode 'outputs' to avoid re-running this script phase.\necho \"SUCCESS\" > \"${SCRIPT_OUTPUT_FILE_0}\"\n";
			showEnvVarsInLog = 0;
		};
		EA8D7E0901094F742AFF1BA2 /* [CP] Check Pods Manifest.lock */ = {
			isa = PBXShellScriptBuildPhase;
			buildActionMask = 2147483647;
			files = (
			);
			inputFileListPaths = (
			);
			inputPaths = (
				"${PODS_PODFILE_DIR_PATH}/Podfile.lock",
				"${PODS_ROOT}/Manifest.lock",
			);
			name = "[CP] Check Pods Manifest.lock";
			outputFileListPaths = (
			);
			outputPaths = (
				"$(DERIVED_FILE_DIR)/Pods-MyChat-MyChatUITests-checkManifestLockResult.txt",
			);
			runOnlyForDeploymentPostprocessing = 0;
			shellPath = /bin/sh;
			shellScript = "diff \"${PODS_PODFILE_DIR_PATH}/Podfile.lock\" \"${PODS_ROOT}/Manifest.lock\" > /dev/null\nif [ $? != 0 ] ; then\n    # print error to STDERR\n    echo \"error: The sandbox is not in sync with the Podfile.lock. Run 'pod install' or update your CocoaPods installation.\" >&2\n    exit 1\nfi\n# This output is used by Xcode 'outputs' to avoid re-running this script phase.\necho \"SUCCESS\" > \"${SCRIPT_OUTPUT_FILE_0}\"\n";
			showEnvVarsInLog = 0;
		};
/* End PBXShellScriptBuildPhase section */

/* Begin PBXSourcesBuildPhase section */
		AB048FA62477B6A200FE0832 /* Sources */ = {
			isa = PBXSourcesBuildPhase;
			buildActionMask = 2147483647;
			files = (
				AB048FEF2477C2F200FE0832 /* UIViewExtension.swift in Sources */,
				AB048FE72477BF4100FE0832 /* RegisterViewController.swift in Sources */,
				AB048FAE2477B6A200FE0832 /* AppDelegate.swift in Sources */,
				34DE581E2478301800B5BB2C /* UIColorExtension.swift in Sources */,
				AB048FEA2477BF6F00FE0832 /* NSObjectExtension.swift in Sources */,
				34F27148247C009100B6FF62 /* UITextFieldExtension.swift in Sources */,
				AB048FE42477BE4800FE0832 /* LoginViewController.swift in Sources */,
				AB048FB02477B6A200FE0832 /* SceneDelegate.swift in Sources */,
				AB38824A247BC415007823CE /* UserModel.swift in Sources */,
				AB388243247B93ED007823CE /* RegistrationResultsPopup.swift in Sources */,
			);
			runOnlyForDeploymentPostprocessing = 0;
		};
		AB048FBC2477B6A500FE0832 /* Sources */ = {
			isa = PBXSourcesBuildPhase;
			buildActionMask = 2147483647;
			files = (
				AB048FC52477B6A500FE0832 /* MyChatTests.swift in Sources */,
			);
			runOnlyForDeploymentPostprocessing = 0;
		};
		AB048FC72477B6A500FE0832 /* Sources */ = {
			isa = PBXSourcesBuildPhase;
			buildActionMask = 2147483647;
			files = (
				AB048FD02477B6A500FE0832 /* MyChatUITests.swift in Sources */,
			);
			runOnlyForDeploymentPostprocessing = 0;
		};
/* End PBXSourcesBuildPhase section */

/* Begin PBXTargetDependency section */
		AB048FC22477B6A500FE0832 /* PBXTargetDependency */ = {
			isa = PBXTargetDependency;
			target = AB048FA92477B6A200FE0832 /* MyChat */;
			targetProxy = AB048FC12477B6A500FE0832 /* PBXContainerItemProxy */;
		};
		AB048FCD2477B6A500FE0832 /* PBXTargetDependency */ = {
			isa = PBXTargetDependency;
			target = AB048FA92477B6A200FE0832 /* MyChat */;
			targetProxy = AB048FCC2477B6A500FE0832 /* PBXContainerItemProxy */;
		};
/* End PBXTargetDependency section */

/* Begin PBXVariantGroup section */
		AB048FB32477B6A200FE0832 /* Main.storyboard */ = {
			isa = PBXVariantGroup;
			children = (
				AB048FB42477B6A200FE0832 /* Base */,
			);
			name = Main.storyboard;
			sourceTree = "<group>";
		};
		AB048FB82477B6A500FE0832 /* LaunchScreen.storyboard */ = {
			isa = PBXVariantGroup;
			children = (
				AB048FB92477B6A500FE0832 /* Base */,
			);
			name = LaunchScreen.storyboard;
			sourceTree = "<group>";
		};
/* End PBXVariantGroup section */

/* Begin XCBuildConfiguration section */
		AB048FD22477B6A500FE0832 /* Debug */ = {
			isa = XCBuildConfiguration;
			buildSettings = {
				ALWAYS_SEARCH_USER_PATHS = NO;
				CLANG_ANALYZER_NONNULL = YES;
				CLANG_ANALYZER_NUMBER_OBJECT_CONVERSION = YES_AGGRESSIVE;
				CLANG_CXX_LANGUAGE_STANDARD = "gnu++14";
				CLANG_CXX_LIBRARY = "libc++";
				CLANG_ENABLE_MODULES = YES;
				CLANG_ENABLE_OBJC_ARC = YES;
				CLANG_ENABLE_OBJC_WEAK = YES;
				CLANG_WARN_BLOCK_CAPTURE_AUTORELEASING = YES;
				CLANG_WARN_BOOL_CONVERSION = YES;
				CLANG_WARN_COMMA = YES;
				CLANG_WARN_CONSTANT_CONVERSION = YES;
				CLANG_WARN_DEPRECATED_OBJC_IMPLEMENTATIONS = YES;
				CLANG_WARN_DIRECT_OBJC_ISA_USAGE = YES_ERROR;
				CLANG_WARN_DOCUMENTATION_COMMENTS = YES;
				CLANG_WARN_EMPTY_BODY = YES;
				CLANG_WARN_ENUM_CONVERSION = YES;
				CLANG_WARN_INFINITE_RECURSION = YES;
				CLANG_WARN_INT_CONVERSION = YES;
				CLANG_WARN_NON_LITERAL_NULL_CONVERSION = YES;
				CLANG_WARN_OBJC_IMPLICIT_RETAIN_SELF = YES;
				CLANG_WARN_OBJC_LITERAL_CONVERSION = YES;
				CLANG_WARN_OBJC_ROOT_CLASS = YES_ERROR;
				CLANG_WARN_RANGE_LOOP_ANALYSIS = YES;
				CLANG_WARN_STRICT_PROTOTYPES = YES;
				CLANG_WARN_SUSPICIOUS_MOVE = YES;
				CLANG_WARN_UNGUARDED_AVAILABILITY = YES_AGGRESSIVE;
				CLANG_WARN_UNREACHABLE_CODE = YES;
				CLANG_WARN__DUPLICATE_METHOD_MATCH = YES;
				COPY_PHASE_STRIP = NO;
				DEBUG_INFORMATION_FORMAT = dwarf;
				ENABLE_STRICT_OBJC_MSGSEND = YES;
				ENABLE_TESTABILITY = YES;
				GCC_C_LANGUAGE_STANDARD = gnu11;
				GCC_DYNAMIC_NO_PIC = NO;
				GCC_NO_COMMON_BLOCKS = YES;
				GCC_OPTIMIZATION_LEVEL = 0;
				GCC_PREPROCESSOR_DEFINITIONS = (
					"DEBUG=1",
					"$(inherited)",
				);
				GCC_WARN_64_TO_32_BIT_CONVERSION = YES;
				GCC_WARN_ABOUT_RETURN_TYPE = YES_ERROR;
				GCC_WARN_UNDECLARED_SELECTOR = YES;
				GCC_WARN_UNINITIALIZED_AUTOS = YES_AGGRESSIVE;
				GCC_WARN_UNUSED_FUNCTION = YES;
				GCC_WARN_UNUSED_VARIABLE = YES;
				IPHONEOS_DEPLOYMENT_TARGET = 13.0;
				MTL_ENABLE_DEBUG_INFO = INCLUDE_SOURCE;
				MTL_FAST_MATH = YES;
				ONLY_ACTIVE_ARCH = YES;
				SDKROOT = iphoneos;
				SWIFT_ACTIVE_COMPILATION_CONDITIONS = DEBUG;
				SWIFT_OPTIMIZATION_LEVEL = "-Onone";
			};
			name = Debug;
		};
		AB048FD32477B6A500FE0832 /* Release */ = {
			isa = XCBuildConfiguration;
			buildSettings = {
				ALWAYS_SEARCH_USER_PATHS = NO;
				CLANG_ANALYZER_NONNULL = YES;
				CLANG_ANALYZER_NUMBER_OBJECT_CONVERSION = YES_AGGRESSIVE;
				CLANG_CXX_LANGUAGE_STANDARD = "gnu++14";
				CLANG_CXX_LIBRARY = "libc++";
				CLANG_ENABLE_MODULES = YES;
				CLANG_ENABLE_OBJC_ARC = YES;
				CLANG_ENABLE_OBJC_WEAK = YES;
				CLANG_WARN_BLOCK_CAPTURE_AUTORELEASING = YES;
				CLANG_WARN_BOOL_CONVERSION = YES;
				CLANG_WARN_COMMA = YES;
				CLANG_WARN_CONSTANT_CONVERSION = YES;
				CLANG_WARN_DEPRECATED_OBJC_IMPLEMENTATIONS = YES;
				CLANG_WARN_DIRECT_OBJC_ISA_USAGE = YES_ERROR;
				CLANG_WARN_DOCUMENTATION_COMMENTS = YES;
				CLANG_WARN_EMPTY_BODY = YES;
				CLANG_WARN_ENUM_CONVERSION = YES;
				CLANG_WARN_INFINITE_RECURSION = YES;
				CLANG_WARN_INT_CONVERSION = YES;
				CLANG_WARN_NON_LITERAL_NULL_CONVERSION = YES;
				CLANG_WARN_OBJC_IMPLICIT_RETAIN_SELF = YES;
				CLANG_WARN_OBJC_LITERAL_CONVERSION = YES;
				CLANG_WARN_OBJC_ROOT_CLASS = YES_ERROR;
				CLANG_WARN_RANGE_LOOP_ANALYSIS = YES;
				CLANG_WARN_STRICT_PROTOTYPES = YES;
				CLANG_WARN_SUSPICIOUS_MOVE = YES;
				CLANG_WARN_UNGUARDED_AVAILABILITY = YES_AGGRESSIVE;
				CLANG_WARN_UNREACHABLE_CODE = YES;
				CLANG_WARN__DUPLICATE_METHOD_MATCH = YES;
				COPY_PHASE_STRIP = NO;
				DEBUG_INFORMATION_FORMAT = "dwarf-with-dsym";
				ENABLE_NS_ASSERTIONS = NO;
				ENABLE_STRICT_OBJC_MSGSEND = YES;
				GCC_C_LANGUAGE_STANDARD = gnu11;
				GCC_NO_COMMON_BLOCKS = YES;
				GCC_WARN_64_TO_32_BIT_CONVERSION = YES;
				GCC_WARN_ABOUT_RETURN_TYPE = YES_ERROR;
				GCC_WARN_UNDECLARED_SELECTOR = YES;
				GCC_WARN_UNINITIALIZED_AUTOS = YES_AGGRESSIVE;
				GCC_WARN_UNUSED_FUNCTION = YES;
				GCC_WARN_UNUSED_VARIABLE = YES;
				IPHONEOS_DEPLOYMENT_TARGET = 13.0;
				MTL_ENABLE_DEBUG_INFO = NO;
				MTL_FAST_MATH = YES;
				SDKROOT = iphoneos;
				SWIFT_COMPILATION_MODE = wholemodule;
				SWIFT_OPTIMIZATION_LEVEL = "-O";
				VALIDATE_PRODUCT = YES;
			};
			name = Release;
		};
		AB048FD52477B6A500FE0832 /* Debug */ = {
			isa = XCBuildConfiguration;
			baseConfigurationReference = F4B76E8C0265C3C5E6801183 /* Pods-MyChat.debug.xcconfig */;
			buildSettings = {
				ASSETCATALOG_COMPILER_APPICON_NAME = AppIcon;
				CODE_SIGN_STYLE = Automatic;
				INFOPLIST_FILE = MyChat/Info.plist;
				LD_RUNPATH_SEARCH_PATHS = (
					"$(inherited)",
					"@executable_path/Frameworks",
				);
				PRODUCT_BUNDLE_IDENTIFIER = com.MovieDatabase.MyChat;
				PRODUCT_NAME = "$(TARGET_NAME)";
				SWIFT_VERSION = 5.0;
				TARGETED_DEVICE_FAMILY = "1,2";
			};
			name = Debug;
		};
		AB048FD62477B6A500FE0832 /* Release */ = {
			isa = XCBuildConfiguration;
			baseConfigurationReference = E47F601A0EBC0C6635C01F36 /* Pods-MyChat.release.xcconfig */;
			buildSettings = {
				ASSETCATALOG_COMPILER_APPICON_NAME = AppIcon;
				CODE_SIGN_STYLE = Automatic;
				INFOPLIST_FILE = MyChat/Info.plist;
				LD_RUNPATH_SEARCH_PATHS = (
					"$(inherited)",
					"@executable_path/Frameworks",
				);
				PRODUCT_BUNDLE_IDENTIFIER = com.MovieDatabase.MyChat;
				PRODUCT_NAME = "$(TARGET_NAME)";
				SWIFT_VERSION = 5.0;
				TARGETED_DEVICE_FAMILY = "1,2";
			};
			name = Release;
		};
		AB048FD82477B6A500FE0832 /* Debug */ = {
			isa = XCBuildConfiguration;
			baseConfigurationReference = E02DBCE41B693544CBB66433 /* Pods-MyChatTests.debug.xcconfig */;
			buildSettings = {
				ALWAYS_EMBED_SWIFT_STANDARD_LIBRARIES = YES;
				BUNDLE_LOADER = "$(TEST_HOST)";
				CODE_SIGN_STYLE = Automatic;
				INFOPLIST_FILE = MyChatTests/Info.plist;
				IPHONEOS_DEPLOYMENT_TARGET = 13.0;
				LD_RUNPATH_SEARCH_PATHS = (
					"$(inherited)",
					"@executable_path/Frameworks",
					"@loader_path/Frameworks",
				);
				PRODUCT_BUNDLE_IDENTIFIER = com.MovieDatabase.MyChatTests;
				PRODUCT_NAME = "$(TARGET_NAME)";
				SWIFT_VERSION = 5.0;
				TARGETED_DEVICE_FAMILY = "1,2";
				TEST_HOST = "$(BUILT_PRODUCTS_DIR)/MyChat.app/MyChat";
			};
			name = Debug;
		};
		AB048FD92477B6A500FE0832 /* Release */ = {
			isa = XCBuildConfiguration;
			baseConfigurationReference = 214B6AF0A99F7079982420BC /* Pods-MyChatTests.release.xcconfig */;
			buildSettings = {
				ALWAYS_EMBED_SWIFT_STANDARD_LIBRARIES = YES;
				BUNDLE_LOADER = "$(TEST_HOST)";
				CODE_SIGN_STYLE = Automatic;
				INFOPLIST_FILE = MyChatTests/Info.plist;
				IPHONEOS_DEPLOYMENT_TARGET = 13.0;
				LD_RUNPATH_SEARCH_PATHS = (
					"$(inherited)",
					"@executable_path/Frameworks",
					"@loader_path/Frameworks",
				);
				PRODUCT_BUNDLE_IDENTIFIER = com.MovieDatabase.MyChatTests;
				PRODUCT_NAME = "$(TARGET_NAME)";
				SWIFT_VERSION = 5.0;
				TARGETED_DEVICE_FAMILY = "1,2";
				TEST_HOST = "$(BUILT_PRODUCTS_DIR)/MyChat.app/MyChat";
			};
			name = Release;
		};
		AB048FDB2477B6A500FE0832 /* Debug */ = {
			isa = XCBuildConfiguration;
			baseConfigurationReference = 3CEEB8A5B852DAF9543A69ED /* Pods-MyChat-MyChatUITests.debug.xcconfig */;
			buildSettings = {
				ALWAYS_EMBED_SWIFT_STANDARD_LIBRARIES = YES;
				CODE_SIGN_STYLE = Automatic;
				INFOPLIST_FILE = MyChatUITests/Info.plist;
				LD_RUNPATH_SEARCH_PATHS = (
					"$(inherited)",
					"@executable_path/Frameworks",
					"@loader_path/Frameworks",
				);
				PRODUCT_BUNDLE_IDENTIFIER = com.MovieDatabase.MyChatUITests;
				PRODUCT_NAME = "$(TARGET_NAME)";
				SWIFT_VERSION = 5.0;
				TARGETED_DEVICE_FAMILY = "1,2";
				TEST_TARGET_NAME = MyChat;
			};
			name = Debug;
		};
		AB048FDC2477B6A500FE0832 /* Release */ = {
			isa = XCBuildConfiguration;
			baseConfigurationReference = 89E911A8737198013E4BFB41 /* Pods-MyChat-MyChatUITests.release.xcconfig */;
			buildSettings = {
				ALWAYS_EMBED_SWIFT_STANDARD_LIBRARIES = YES;
				CODE_SIGN_STYLE = Automatic;
				INFOPLIST_FILE = MyChatUITests/Info.plist;
				LD_RUNPATH_SEARCH_PATHS = (
					"$(inherited)",
					"@executable_path/Frameworks",
					"@loader_path/Frameworks",
				);
				PRODUCT_BUNDLE_IDENTIFIER = com.MovieDatabase.MyChatUITests;
				PRODUCT_NAME = "$(TARGET_NAME)";
				SWIFT_VERSION = 5.0;
				TARGETED_DEVICE_FAMILY = "1,2";
				TEST_TARGET_NAME = MyChat;
			};
			name = Release;
		};
/* End XCBuildConfiguration section */

/* Begin XCConfigurationList section */
		AB048FA52477B6A200FE0832 /* Build configuration list for PBXProject "MyChat" */ = {
			isa = XCConfigurationList;
			buildConfigurations = (
				AB048FD22477B6A500FE0832 /* Debug */,
				AB048FD32477B6A500FE0832 /* Release */,
			);
			defaultConfigurationIsVisible = 0;
			defaultConfigurationName = Release;
		};
		AB048FD42477B6A500FE0832 /* Build configuration list for PBXNativeTarget "MyChat" */ = {
			isa = XCConfigurationList;
			buildConfigurations = (
				AB048FD52477B6A500FE0832 /* Debug */,
				AB048FD62477B6A500FE0832 /* Release */,
			);
			defaultConfigurationIsVisible = 0;
			defaultConfigurationName = Release;
		};
		AB048FD72477B6A500FE0832 /* Build configuration list for PBXNativeTarget "MyChatTests" */ = {
			isa = XCConfigurationList;
			buildConfigurations = (
				AB048FD82477B6A500FE0832 /* Debug */,
				AB048FD92477B6A500FE0832 /* Release */,
			);
			defaultConfigurationIsVisible = 0;
			defaultConfigurationName = Release;
		};
		AB048FDA2477B6A500FE0832 /* Build configuration list for PBXNativeTarget "MyChatUITests" */ = {
			isa = XCConfigurationList;
			buildConfigurations = (
				AB048FDB2477B6A500FE0832 /* Debug */,
				AB048FDC2477B6A500FE0832 /* Release */,
			);
			defaultConfigurationIsVisible = 0;
			defaultConfigurationName = Release;
		};
/* End XCConfigurationList section */
	};
	rootObject = AB048FA22477B6A200FE0832 /* Project object */;
}
